
Microsoft Visual Studio Solution File, Format Version 12.00
# Visual Studio 14
VisualStudioVersion = 14.0.25420.1
MinimumVisualStudioVersion = 10.0.40219.1
Project("{2150E333-8FDC-42A3-9474-1A3956D46DE8}") = "WCF", "WCF", "{36B7D3EC-3A56-425E-AA41-0E1DD455CE35}"
EndProject
Project("{2150E333-8FDC-42A3-9474-1A3956D46DE8}") = "WPF", "WPF", "{C38DE512-E548-4E8F-820D-F6324DF90C9D}"
EndProject
Project("{2150E333-8FDC-42A3-9474-1A3956D46DE8}") = "ContainerApp", "ContainerApp", "{725A8FAB-3DC9-4548-8E46-91B93A777417}"
EndProject
Project("{2150E333-8FDC-42A3-9474-1A3956D46DE8}") = "Client", "Client", "{4307C5BE-68B6-419F-BDA8-596C26553409}"
EndProject
Project("{2150E333-8FDC-42A3-9474-1A3956D46DE8}") = "WS", "WS", "{E03771FC-E68F-4DFE-AD42-0D5A40BA8F78}"
EndProject
Project("{2150E333-8FDC-42A3-9474-1A3956D46DE8}") = "CustomMessageHeader", "CustomMessageHeader", "{20632708-4348-443B-BDB4-7A71EAFA0851}"
EndProject
Project("{2150E333-8FDC-42A3-9474-1A3956D46DE8}") = "ETradeWebService", "ETradeWebService", "{02FEFC04-2072-4693-A81F-4E91AF86264C}"
EndProject
Project("{2150E333-8FDC-42A3-9474-1A3956D46DE8}") = "Infrastructure", "Infrastructure", "{5537708F-AEA1-4DDA-9844-52933DA2BE98}"
EndProject
Project("{2150E333-8FDC-42A3-9474-1A3956D46DE8}") = "UDDIWcfService", "UDDIWcfService", "{F57EA10A-7C4B-4234-A800-8839B0A95210}"
EndProject
Project("{2150E333-8FDC-42A3-9474-1A3956D46DE8}") = "WCF.Routing", "WCF.Routing", "{78138A19-69BE-459F-A52F-50266E00A974}"
EndProject
Project("{2150E333-8FDC-42A3-9474-1A3956D46DE8}") = "WcfAnnotation", "WcfAnnotation", "{7B8B909A-D230-4E17-953D-F245C4023E9B}"
EndProject
Project("{2150E333-8FDC-42A3-9474-1A3956D46DE8}") = "AnimatedDataBinding", "AnimatedDataBinding", "{D472C0BC-C54E-41E1-B177-E5E7D6A3627B}"
EndProject
Project("{2150E333-8FDC-42A3-9474-1A3956D46DE8}") = "BasicValues", "BasicValues", "{6953887D-D0B8-4D56-A0B2-D53FB67656C7}"
EndProject
Project("{2150E333-8FDC-42A3-9474-1A3956D46DE8}") = "CircularProgressBar", "CircularProgressBar", "{0394CBD4-6C2B-4C7B-B6C5-0F65B7423AFA}"
EndProject
Project("{2150E333-8FDC-42A3-9474-1A3956D46DE8}") = "EmployeeDesignation", "EmployeeDesignation", "{865D17E2-164E-4F32-B510-CA9BD0F30CD0}"
EndProject
Project("{2150E333-8FDC-42A3-9474-1A3956D46DE8}") = "ProgressDialog", "ProgressDialog", "{40D4A8D4-7E26-4055-8575-E8336DE6EA92}"
EndProject
Project("{2150E333-8FDC-42A3-9474-1A3956D46DE8}") = "TimingBehaviors", "TimingBehaviors", "{0C5065C1-7183-4FF1-8DC3-992B114F3688}"
EndProject
Project("{FAE04EC0-301F-11D3-BF4B-00C04F79EFBC}") = "ContainerWebServiceClient", "WCF\ContainerApp\Client\ContainerWebServiceClient.csproj", "{EF99FDBC-3314-4421-A436-FD51DC098F6E}"
EndProject
Project("{FAE04EC0-301F-11D3-BF4B-00C04F79EFBC}") = "WcfPoc.Services.Container", "WCF\ContainerApp\WS\Customs.Services.Container\WcfPoc.Services.Container.csproj", "{5600E726-2285-4A4A-956B-6C4D3EACF356}"
EndProject
Project("{FAE04EC0-301F-11D3-BF4B-00C04F79EFBC}") = "WcfPoc.Services.Container.BLL", "WCF\ContainerApp\WS\Customs.Services.Container.BLL\WcfPoc.Services.Container.BLL.csproj", "{2DA81CCF-CC30-44D2-8F48-46EF922ADE34}"
EndProject
Project("{FAE04EC0-301F-11D3-BF4B-00C04F79EFBC}") = "WcfPoc.Services.Container.Types", "WCF\ContainerApp\WS\Customs.Services.Container.Types\WcfPoc.Services.Container.Types.csproj", "{F6161C83-9E0E-4930-88B2-C5B3650163E5}"
EndProject
Project("{FAE04EC0-301F-11D3-BF4B-00C04F79EFBC}") = "NorthwindOps", "WCF\CustomMessageHeader\NorthwindOps\NorthwindOps.csproj", "{52CE08A1-7185-4BB6-839A-65E15A9BE5AE}"
EndProject
Project("{FAE04EC0-301F-11D3-BF4B-00C04F79EFBC}") = "NorthwindOps.Test", "WCF\CustomMessageHeader\NorthwindOps.Test\NorthwindOps.Test.csproj", "{48A61520-332C-4E41-BF6B-25BD0F53D46A}"
EndProject
Project("{FAE04EC0-301F-11D3-BF4B-00C04F79EFBC}") = "NorthwindOps.Types", "WCF\CustomMessageHeader\NorthwindOps.Types\NorthwindOps.Types.csproj", "{D8539D57-8898-4C5A-BF0B-5227DCD1AB5A}"
EndProject
Project("{FAE04EC0-301F-11D3-BF4B-00C04F79EFBC}") = "UDDIWcfService", "WCF\UDDIWcfService\UDDIWcfService.csproj", "{24AC7289-392C-41F0-857C-8F5C39BFC363}"
EndProject
Project("{FAE04EC0-301F-11D3-BF4B-00C04F79EFBC}") = "WcfAnnotation", "WCF\WcfAnnotation\WcfAnnotation\WcfAnnotation.csproj", "{7C87699B-183A-4F66-B93A-C747F1C6F8F5}"
EndProject
Project("{FAE04EC0-301F-11D3-BF4B-00C04F79EFBC}") = "AnimatedDataBinding", "WPF\AnimatedDataBinding\AnimatedDataBinding.csproj", "{79520E41-C86F-49BA-B129-EC3E00EC4548}"
EndProject
Project("{FAE04EC0-301F-11D3-BF4B-00C04F79EFBC}") = "BasicValues", "WPF\BasicValues\BasicValues.csproj", "{E68ABE8D-B387-4E97-BC88-E756286CB270}"
EndProject
Project("{FAE04EC0-301F-11D3-BF4B-00C04F79EFBC}") = "CircularProgressBar", "WPF\CircularProgressBar\CircularProgressBar.csproj", "{B9B44E31-293A-491C-8E2D-72BD5FA417C0}"
EndProject
Project("{FAE04EC0-301F-11D3-BF4B-00C04F79EFBC}") = "EmployeeDesignation", "WPF\EmployeeDesignation\EmployeeDesignation.csproj", "{136181D0-EC4A-4773-AB06-D2A43EFFA12C}"
EndProject
Project("{FAE04EC0-301F-11D3-BF4B-00C04F79EFBC}") = "Progress Dialog", "WPF\ProgressDialog\Progress Dialog.csproj", "{25CB321E-1A01-456D-84F1-0DEEE4E9554A}"
EndProject
Project("{FAE04EC0-301F-11D3-BF4B-00C04F79EFBC}") = "TimingBehaviors", "WPF\TimingBehaviors\TimingBehaviors.csproj", "{6B3F797A-A7F3-44BB-A2DC-3F3DF6E0E158}"
EndProject
Project("{FAE04EC0-301F-11D3-BF4B-00C04F79EFBC}") = "Infra.Service.Core", "WCF\Infra.Service.Core\Infra.Service.Core.csproj", "{5164E5C0-97EB-4409-BCF0-DBB0509B8FB3}"
EndProject
Project("{2150E333-8FDC-42A3-9474-1A3956D46DE8}") = "Infrastructure", "Infrastructure", "{4AA730B4-1C59-479E-B214-9282C1E33A18}"
EndProject
Project("{FAE04EC0-301F-11D3-BF4B-00C04F79EFBC}") = "Infrastructure.Presentation.Core", "WPF\Infrastructure.Presentation.Core\Infrastructure.Presentation.Core.csproj", "{9D70E5D8-4429-405A-A26C-6FE18528770F}"
EndProject
Project("{FAE04EC0-301F-11D3-BF4B-00C04F79EFBC}") = "WcfPoc.Client.Common", "WCF\WCF.Routing\WcfPoc.Client.Common\WcfPoc.Client.Common.csproj", "{8E8E2F42-8EC0-4942-A34A-95C28313DE43}"
EndProject
Project("{FAE04EC0-301F-11D3-BF4B-00C04F79EFBC}") = "WcfPoc.Client.ORBATClientV1", "WCF\WCF.Routing\WcfPoc.Client.ORBATClientV1\WcfPoc.Client.ORBATClientV1.csproj", "{E990A2F7-71A1-433B-A62D-FAAE8379E571}"
EndProject
Project("{FAE04EC0-301F-11D3-BF4B-00C04F79EFBC}") = "WcfPoc.Client.ORBATClientV2", "WCF\WCF.Routing\WcfPoc.Client.ORBATClientV2\WcfPoc.Client.ORBATClientV2.csproj", "{816E8D05-C5EF-4FDD-BA0B-C3D02AB522AB}"
EndProject
Project("{FAE04EC0-301F-11D3-BF4B-00C04F79EFBC}") = "WcfPoc.Host.Common", "WCF\WCF.Routing\WcfPoc.Host.Common\WcfPoc.Host.Common.csproj", "{3398D1EF-224D-4F3C-8F65-B6F19974B094}"
EndProject
Project("{FAE04EC0-301F-11D3-BF4B-00C04F79EFBC}") = "WcfPoc.Host.RouterService", "WCF\WCF.Routing\WcfPoc.Host.ORBATRouterService\WcfPoc.Host.RouterService.csproj", "{1B4D2765-061E-4A61-AD78-61F40DDD9AFA}"
EndProject
Project("{FAE04EC0-301F-11D3-BF4B-00C04F79EFBC}") = "WcfPoc.Host.ORBATServiceV1", "WCF\WCF.Routing\WcfPoc.Host.ORBATServiceV1\WcfPoc.Host.ORBATServiceV1.csproj", "{800758E9-91C1-4219-902B-CA9EE6D74DC9}"
EndProject
Project("{FAE04EC0-301F-11D3-BF4B-00C04F79EFBC}") = "WcfPoc.Host.ORBATServiceV2", "WCF\WCF.Routing\WcfPoc.Host.ORBATServiceV2\WcfPoc.Host.ORBATServiceV2.csproj", "{90AE0A25-C570-4B3F-9939-32EC1CB1FC12}"
EndProject
Project("{FAE04EC0-301F-11D3-BF4B-00C04F79EFBC}") = "WcfPoc.Services.ORBATServiceV1", "WCF\WCF.Routing\WcfPoc.Services.ORBATServiceV1\WcfPoc.Services.ORBATServiceV1.csproj", "{DF06B4F0-7BD9-4288-AB48-9589F27C3536}"
EndProject
Project("{FAE04EC0-301F-11D3-BF4B-00C04F79EFBC}") = "WcfPoc.Services.ORBATServiceV2", "WCF\WCF.Routing\WcfPoc.Services.ORBATServiceV2\WcfPoc.Services.ORBATServiceV2.csproj", "{A7E0A582-7177-4594-976F-722CB7AD6D05}"
EndProject
Project("{2150E333-8FDC-42A3-9474-1A3956D46DE8}") = "ColorMixer", "ColorMixer", "{035B2A80-8F5B-4690-8756-81890A64B206}"
EndProject
Project("{FAE04EC0-301F-11D3-BF4B-00C04F79EFBC}") = "ColorMixer.Editor", "WPF\ColorMixer\ColorMixer.Editor\ColorMixer.Editor.csproj", "{085851CB-3C67-4525-B194-7BF5B449479A}"
EndProject
Project("{FAE04EC0-301F-11D3-BF4B-00C04F79EFBC}") = "ColorMixer.Business", "WPF\ColorMixer\ColorMixer.Business\ColorMixer.Business.csproj", "{AA127BE4-CABD-4DD9-9662-B652B5C4DB44}"
EndProject
Project("{FAE04EC0-301F-11D3-BF4B-00C04F79EFBC}") = "ColorMixer.Domain", "WPF\ColorMixer\ColorMixer.Domain\ColorMixer.Domain.csproj", "{A9938DAE-65D0-46C6-B7FE-4BF2B7B61BD3}"
EndProject
Project("{FAE04EC0-301F-11D3-BF4B-00C04F79EFBC}") = "ColorMixer.UserControlColorPicker", "WPF\ColorMixer\ColorMixer.UserControlColorPicker\ColorMixer.UserControlColorPicker.csproj", "{FD2EC7D4-4316-4F8F-8108-8381F0B4B340}"
EndProject
Global
	GlobalSection(SolutionConfigurationPlatforms) = preSolution
		Debug|Any CPU = Debug|Any CPU
		Debug|x64 = Debug|x64
		Debug|x86 = Debug|x86
		DEPLOY|Any CPU = DEPLOY|Any CPU
		DEPLOY|x64 = DEPLOY|x64
		DEPLOY|x86 = DEPLOY|x86
		INTCOREDeploy|Any CPU = INTCOREDeploy|Any CPU
		INTCOREDeploy|x64 = INTCOREDeploy|x64
		INTCOREDeploy|x86 = INTCOREDeploy|x86
		Release|Any CPU = Release|Any CPU
		Release|x64 = Release|x64
		Release|x86 = Release|x86
		Test|Any CPU = Test|Any CPU
		Test|x64 = Test|x64
		Test|x86 = Test|x86
	EndGlobalSection
	GlobalSection(ProjectConfigurationPlatforms) = postSolution
		{EF99FDBC-3314-4421-A436-FD51DC098F6E}.Debug|Any CPU.ActiveCfg = Debug|Any CPU
		{EF99FDBC-3314-4421-A436-FD51DC098F6E}.Debug|Any CPU.Build.0 = Debug|Any CPU
		{EF99FDBC-3314-4421-A436-FD51DC098F6E}.Debug|x64.ActiveCfg = Debug|Any CPU
		{EF99FDBC-3314-4421-A436-FD51DC098F6E}.Debug|x64.Build.0 = Debug|Any CPU
		{EF99FDBC-3314-4421-A436-FD51DC098F6E}.Debug|x86.ActiveCfg = Debug|Any CPU
		{EF99FDBC-3314-4421-A436-FD51DC098F6E}.Debug|x86.Build.0 = Debug|Any CPU
		{EF99FDBC-3314-4421-A436-FD51DC098F6E}.DEPLOY|Any CPU.ActiveCfg = Debug|Any CPU
		{EF99FDBC-3314-4421-A436-FD51DC098F6E}.DEPLOY|Any CPU.Build.0 = Debug|Any CPU
		{EF99FDBC-3314-4421-A436-FD51DC098F6E}.DEPLOY|x64.ActiveCfg = Debug|Any CPU
		{EF99FDBC-3314-4421-A436-FD51DC098F6E}.DEPLOY|x64.Build.0 = Debug|Any CPU
		{EF99FDBC-3314-4421-A436-FD51DC098F6E}.DEPLOY|x86.ActiveCfg = Debug|Any CPU
		{EF99FDBC-3314-4421-A436-FD51DC098F6E}.DEPLOY|x86.Build.0 = Debug|Any CPU
		{EF99FDBC-3314-4421-A436-FD51DC098F6E}.INTCOREDeploy|Any CPU.ActiveCfg = Release|Any CPU
		{EF99FDBC-3314-4421-A436-FD51DC098F6E}.INTCOREDeploy|Any CPU.Build.0 = Release|Any CPU
		{EF99FDBC-3314-4421-A436-FD51DC098F6E}.INTCOREDeploy|x64.ActiveCfg = Release|Any CPU
		{EF99FDBC-3314-4421-A436-FD51DC098F6E}.INTCOREDeploy|x64.Build.0 = Release|Any CPU
		{EF99FDBC-3314-4421-A436-FD51DC098F6E}.INTCOREDeploy|x86.ActiveCfg = Release|Any CPU
		{EF99FDBC-3314-4421-A436-FD51DC098F6E}.INTCOREDeploy|x86.Build.0 = Release|Any CPU
		{EF99FDBC-3314-4421-A436-FD51DC098F6E}.Release|Any CPU.ActiveCfg = Release|Any CPU
		{EF99FDBC-3314-4421-A436-FD51DC098F6E}.Release|Any CPU.Build.0 = Release|Any CPU
		{EF99FDBC-3314-4421-A436-FD51DC098F6E}.Release|x64.ActiveCfg = Release|Any CPU
		{EF99FDBC-3314-4421-A436-FD51DC098F6E}.Release|x64.Build.0 = Release|Any CPU
		{EF99FDBC-3314-4421-A436-FD51DC098F6E}.Release|x86.ActiveCfg = Release|Any CPU
		{EF99FDBC-3314-4421-A436-FD51DC098F6E}.Release|x86.Build.0 = Release|Any CPU
		{EF99FDBC-3314-4421-A436-FD51DC098F6E}.Test|Any CPU.ActiveCfg = Release|Any CPU
		{EF99FDBC-3314-4421-A436-FD51DC098F6E}.Test|Any CPU.Build.0 = Release|Any CPU
		{EF99FDBC-3314-4421-A436-FD51DC098F6E}.Test|x64.ActiveCfg = Release|Any CPU
		{EF99FDBC-3314-4421-A436-FD51DC098F6E}.Test|x64.Build.0 = Release|Any CPU
		{EF99FDBC-3314-4421-A436-FD51DC098F6E}.Test|x86.ActiveCfg = Release|Any CPU
		{EF99FDBC-3314-4421-A436-FD51DC098F6E}.Test|x86.Build.0 = Release|Any CPU
		{5600E726-2285-4A4A-956B-6C4D3EACF356}.Debug|Any CPU.ActiveCfg = Debug|Any CPU
		{5600E726-2285-4A4A-956B-6C4D3EACF356}.Debug|Any CPU.Build.0 = Debug|Any CPU
		{5600E726-2285-4A4A-956B-6C4D3EACF356}.Debug|x64.ActiveCfg = Debug|Any CPU
		{5600E726-2285-4A4A-956B-6C4D3EACF356}.Debug|x64.Build.0 = Debug|Any CPU
		{5600E726-2285-4A4A-956B-6C4D3EACF356}.Debug|x86.ActiveCfg = Debug|Any CPU
		{5600E726-2285-4A4A-956B-6C4D3EACF356}.Debug|x86.Build.0 = Debug|Any CPU
		{5600E726-2285-4A4A-956B-6C4D3EACF356}.DEPLOY|Any CPU.ActiveCfg = Debug|Any CPU
		{5600E726-2285-4A4A-956B-6C4D3EACF356}.DEPLOY|Any CPU.Build.0 = Debug|Any CPU
		{5600E726-2285-4A4A-956B-6C4D3EACF356}.DEPLOY|x64.ActiveCfg = Debug|Any CPU
		{5600E726-2285-4A4A-956B-6C4D3EACF356}.DEPLOY|x64.Build.0 = Debug|Any CPU
		{5600E726-2285-4A4A-956B-6C4D3EACF356}.DEPLOY|x86.ActiveCfg = Debug|Any CPU
		{5600E726-2285-4A4A-956B-6C4D3EACF356}.DEPLOY|x86.Build.0 = Debug|Any CPU
		{5600E726-2285-4A4A-956B-6C4D3EACF356}.INTCOREDeploy|Any CPU.ActiveCfg = Test|Any CPU
		{5600E726-2285-4A4A-956B-6C4D3EACF356}.INTCOREDeploy|Any CPU.Build.0 = Test|Any CPU
		{5600E726-2285-4A4A-956B-6C4D3EACF356}.INTCOREDeploy|x64.ActiveCfg = Test|Any CPU
		{5600E726-2285-4A4A-956B-6C4D3EACF356}.INTCOREDeploy|x64.Build.0 = Test|Any CPU
		{5600E726-2285-4A4A-956B-6C4D3EACF356}.INTCOREDeploy|x86.ActiveCfg = Test|Any CPU
		{5600E726-2285-4A4A-956B-6C4D3EACF356}.INTCOREDeploy|x86.Build.0 = Test|Any CPU
		{5600E726-2285-4A4A-956B-6C4D3EACF356}.Release|Any CPU.ActiveCfg = Release|Any CPU
		{5600E726-2285-4A4A-956B-6C4D3EACF356}.Release|Any CPU.Build.0 = Release|Any CPU
		{5600E726-2285-4A4A-956B-6C4D3EACF356}.Release|x64.ActiveCfg = Release|Any CPU
		{5600E726-2285-4A4A-956B-6C4D3EACF356}.Release|x64.Build.0 = Release|Any CPU
		{5600E726-2285-4A4A-956B-6C4D3EACF356}.Release|x86.ActiveCfg = Release|Any CPU
		{5600E726-2285-4A4A-956B-6C4D3EACF356}.Release|x86.Build.0 = Release|Any CPU
		{5600E726-2285-4A4A-956B-6C4D3EACF356}.Test|Any CPU.ActiveCfg = Test|Any CPU
		{5600E726-2285-4A4A-956B-6C4D3EACF356}.Test|Any CPU.Build.0 = Test|Any CPU
		{5600E726-2285-4A4A-956B-6C4D3EACF356}.Test|x64.ActiveCfg = Test|Any CPU
		{5600E726-2285-4A4A-956B-6C4D3EACF356}.Test|x64.Build.0 = Test|Any CPU
		{5600E726-2285-4A4A-956B-6C4D3EACF356}.Test|x86.ActiveCfg = Test|Any CPU
		{5600E726-2285-4A4A-956B-6C4D3EACF356}.Test|x86.Build.0 = Test|Any CPU
		{2DA81CCF-CC30-44D2-8F48-46EF922ADE34}.Debug|Any CPU.ActiveCfg = Debug|Any CPU
		{2DA81CCF-CC30-44D2-8F48-46EF922ADE34}.Debug|Any CPU.Build.0 = Debug|Any CPU
		{2DA81CCF-CC30-44D2-8F48-46EF922ADE34}.Debug|x64.ActiveCfg = Debug|Any CPU
		{2DA81CCF-CC30-44D2-8F48-46EF922ADE34}.Debug|x64.Build.0 = Debug|Any CPU
		{2DA81CCF-CC30-44D2-8F48-46EF922ADE34}.Debug|x86.ActiveCfg = Debug|Any CPU
		{2DA81CCF-CC30-44D2-8F48-46EF922ADE34}.Debug|x86.Build.0 = Debug|Any CPU
		{2DA81CCF-CC30-44D2-8F48-46EF922ADE34}.DEPLOY|Any CPU.ActiveCfg = Debug|Any CPU
		{2DA81CCF-CC30-44D2-8F48-46EF922ADE34}.DEPLOY|Any CPU.Build.0 = Debug|Any CPU
		{2DA81CCF-CC30-44D2-8F48-46EF922ADE34}.DEPLOY|x64.ActiveCfg = Debug|Any CPU
		{2DA81CCF-CC30-44D2-8F48-46EF922ADE34}.DEPLOY|x64.Build.0 = Debug|Any CPU
		{2DA81CCF-CC30-44D2-8F48-46EF922ADE34}.DEPLOY|x86.ActiveCfg = Debug|Any CPU
		{2DA81CCF-CC30-44D2-8F48-46EF922ADE34}.DEPLOY|x86.Build.0 = Debug|Any CPU
		{2DA81CCF-CC30-44D2-8F48-46EF922ADE34}.INTCOREDeploy|Any CPU.ActiveCfg = Test|Any CPU
		{2DA81CCF-CC30-44D2-8F48-46EF922ADE34}.INTCOREDeploy|Any CPU.Build.0 = Test|Any CPU
		{2DA81CCF-CC30-44D2-8F48-46EF922ADE34}.INTCOREDeploy|x64.ActiveCfg = Test|Any CPU
		{2DA81CCF-CC30-44D2-8F48-46EF922ADE34}.INTCOREDeploy|x64.Build.0 = Test|Any CPU
		{2DA81CCF-CC30-44D2-8F48-46EF922ADE34}.INTCOREDeploy|x86.ActiveCfg = Test|Any CPU
		{2DA81CCF-CC30-44D2-8F48-46EF922ADE34}.INTCOREDeploy|x86.Build.0 = Test|Any CPU
		{2DA81CCF-CC30-44D2-8F48-46EF922ADE34}.Release|Any CPU.ActiveCfg = Release|Any CPU
		{2DA81CCF-CC30-44D2-8F48-46EF922ADE34}.Release|Any CPU.Build.0 = Release|Any CPU
		{2DA81CCF-CC30-44D2-8F48-46EF922ADE34}.Release|x64.ActiveCfg = Release|Any CPU
		{2DA81CCF-CC30-44D2-8F48-46EF922ADE34}.Release|x64.Build.0 = Release|Any CPU
		{2DA81CCF-CC30-44D2-8F48-46EF922ADE34}.Release|x86.ActiveCfg = Release|Any CPU
		{2DA81CCF-CC30-44D2-8F48-46EF922ADE34}.Release|x86.Build.0 = Release|Any CPU
		{2DA81CCF-CC30-44D2-8F48-46EF922ADE34}.Test|Any CPU.ActiveCfg = Test|Any CPU
		{2DA81CCF-CC30-44D2-8F48-46EF922ADE34}.Test|Any CPU.Build.0 = Test|Any CPU
		{2DA81CCF-CC30-44D2-8F48-46EF922ADE34}.Test|x64.ActiveCfg = Test|Any CPU
		{2DA81CCF-CC30-44D2-8F48-46EF922ADE34}.Test|x64.Build.0 = Test|Any CPU
		{2DA81CCF-CC30-44D2-8F48-46EF922ADE34}.Test|x86.ActiveCfg = Test|Any CPU
		{2DA81CCF-CC30-44D2-8F48-46EF922ADE34}.Test|x86.Build.0 = Test|Any CPU
		{F6161C83-9E0E-4930-88B2-C5B3650163E5}.Debug|Any CPU.ActiveCfg = Debug|Any CPU
		{F6161C83-9E0E-4930-88B2-C5B3650163E5}.Debug|Any CPU.Build.0 = Debug|Any CPU
		{F6161C83-9E0E-4930-88B2-C5B3650163E5}.Debug|x64.ActiveCfg = Debug|Any CPU
		{F6161C83-9E0E-4930-88B2-C5B3650163E5}.Debug|x64.Build.0 = Debug|Any CPU
		{F6161C83-9E0E-4930-88B2-C5B3650163E5}.Debug|x86.ActiveCfg = Debug|Any CPU
		{F6161C83-9E0E-4930-88B2-C5B3650163E5}.Debug|x86.Build.0 = Debug|Any CPU
		{F6161C83-9E0E-4930-88B2-C5B3650163E5}.DEPLOY|Any CPU.ActiveCfg = Debug|Any CPU
		{F6161C83-9E0E-4930-88B2-C5B3650163E5}.DEPLOY|Any CPU.Build.0 = Debug|Any CPU
		{F6161C83-9E0E-4930-88B2-C5B3650163E5}.DEPLOY|x64.ActiveCfg = Debug|Any CPU
		{F6161C83-9E0E-4930-88B2-C5B3650163E5}.DEPLOY|x64.Build.0 = Debug|Any CPU
		{F6161C83-9E0E-4930-88B2-C5B3650163E5}.DEPLOY|x86.ActiveCfg = Debug|Any CPU
		{F6161C83-9E0E-4930-88B2-C5B3650163E5}.DEPLOY|x86.Build.0 = Debug|Any CPU
		{F6161C83-9E0E-4930-88B2-C5B3650163E5}.INTCOREDeploy|Any CPU.ActiveCfg = Test|Any CPU
		{F6161C83-9E0E-4930-88B2-C5B3650163E5}.INTCOREDeploy|Any CPU.Build.0 = Test|Any CPU
		{F6161C83-9E0E-4930-88B2-C5B3650163E5}.INTCOREDeploy|x64.ActiveCfg = Test|Any CPU
		{F6161C83-9E0E-4930-88B2-C5B3650163E5}.INTCOREDeploy|x64.Build.0 = Test|Any CPU
		{F6161C83-9E0E-4930-88B2-C5B3650163E5}.INTCOREDeploy|x86.ActiveCfg = Test|Any CPU
		{F6161C83-9E0E-4930-88B2-C5B3650163E5}.INTCOREDeploy|x86.Build.0 = Test|Any CPU
		{F6161C83-9E0E-4930-88B2-C5B3650163E5}.Release|Any CPU.ActiveCfg = Release|Any CPU
		{F6161C83-9E0E-4930-88B2-C5B3650163E5}.Release|Any CPU.Build.0 = Release|Any CPU
		{F6161C83-9E0E-4930-88B2-C5B3650163E5}.Release|x64.ActiveCfg = Release|Any CPU
		{F6161C83-9E0E-4930-88B2-C5B3650163E5}.Release|x64.Build.0 = Release|Any CPU
		{F6161C83-9E0E-4930-88B2-C5B3650163E5}.Release|x86.ActiveCfg = Release|Any CPU
		{F6161C83-9E0E-4930-88B2-C5B3650163E5}.Release|x86.Build.0 = Release|Any CPU
		{F6161C83-9E0E-4930-88B2-C5B3650163E5}.Test|Any CPU.ActiveCfg = Test|Any CPU
		{F6161C83-9E0E-4930-88B2-C5B3650163E5}.Test|Any CPU.Build.0 = Test|Any CPU
		{F6161C83-9E0E-4930-88B2-C5B3650163E5}.Test|x64.ActiveCfg = Test|Any CPU
		{F6161C83-9E0E-4930-88B2-C5B3650163E5}.Test|x64.Build.0 = Test|Any CPU
		{F6161C83-9E0E-4930-88B2-C5B3650163E5}.Test|x86.ActiveCfg = Test|Any CPU
		{F6161C83-9E0E-4930-88B2-C5B3650163E5}.Test|x86.Build.0 = Test|Any CPU
		{52CE08A1-7185-4BB6-839A-65E15A9BE5AE}.Debug|Any CPU.ActiveCfg = Debug|Any CPU
		{52CE08A1-7185-4BB6-839A-65E15A9BE5AE}.Debug|Any CPU.Build.0 = Debug|Any CPU
		{52CE08A1-7185-4BB6-839A-65E15A9BE5AE}.Debug|x64.ActiveCfg = Debug|Any CPU
		{52CE08A1-7185-4BB6-839A-65E15A9BE5AE}.Debug|x64.Build.0 = Debug|Any CPU
		{52CE08A1-7185-4BB6-839A-65E15A9BE5AE}.Debug|x86.ActiveCfg = Debug|Any CPU
		{52CE08A1-7185-4BB6-839A-65E15A9BE5AE}.Debug|x86.Build.0 = Debug|Any CPU
		{52CE08A1-7185-4BB6-839A-65E15A9BE5AE}.DEPLOY|Any CPU.ActiveCfg = Debug|Any CPU
		{52CE08A1-7185-4BB6-839A-65E15A9BE5AE}.DEPLOY|Any CPU.Build.0 = Debug|Any CPU
		{52CE08A1-7185-4BB6-839A-65E15A9BE5AE}.DEPLOY|x64.ActiveCfg = Debug|Any CPU
		{52CE08A1-7185-4BB6-839A-65E15A9BE5AE}.DEPLOY|x64.Build.0 = Debug|Any CPU
		{52CE08A1-7185-4BB6-839A-65E15A9BE5AE}.DEPLOY|x86.ActiveCfg = Debug|Any CPU
		{52CE08A1-7185-4BB6-839A-65E15A9BE5AE}.DEPLOY|x86.Build.0 = Debug|Any CPU
		{52CE08A1-7185-4BB6-839A-65E15A9BE5AE}.INTCOREDeploy|Any CPU.ActiveCfg = Release|Any CPU
		{52CE08A1-7185-4BB6-839A-65E15A9BE5AE}.INTCOREDeploy|Any CPU.Build.0 = Release|Any CPU
		{52CE08A1-7185-4BB6-839A-65E15A9BE5AE}.INTCOREDeploy|x64.ActiveCfg = Release|Any CPU
		{52CE08A1-7185-4BB6-839A-65E15A9BE5AE}.INTCOREDeploy|x64.Build.0 = Release|Any CPU
		{52CE08A1-7185-4BB6-839A-65E15A9BE5AE}.INTCOREDeploy|x86.ActiveCfg = Release|Any CPU
		{52CE08A1-7185-4BB6-839A-65E15A9BE5AE}.INTCOREDeploy|x86.Build.0 = Release|Any CPU
		{52CE08A1-7185-4BB6-839A-65E15A9BE5AE}.Release|Any CPU.ActiveCfg = Release|Any CPU
		{52CE08A1-7185-4BB6-839A-65E15A9BE5AE}.Release|Any CPU.Build.0 = Release|Any CPU
		{52CE08A1-7185-4BB6-839A-65E15A9BE5AE}.Release|x64.ActiveCfg = Release|Any CPU
		{52CE08A1-7185-4BB6-839A-65E15A9BE5AE}.Release|x64.Build.0 = Release|Any CPU
		{52CE08A1-7185-4BB6-839A-65E15A9BE5AE}.Release|x86.ActiveCfg = Release|Any CPU
		{52CE08A1-7185-4BB6-839A-65E15A9BE5AE}.Release|x86.Build.0 = Release|Any CPU
		{52CE08A1-7185-4BB6-839A-65E15A9BE5AE}.Test|Any CPU.ActiveCfg = Release|Any CPU
		{52CE08A1-7185-4BB6-839A-65E15A9BE5AE}.Test|Any CPU.Build.0 = Release|Any CPU
		{52CE08A1-7185-4BB6-839A-65E15A9BE5AE}.Test|x64.ActiveCfg = Release|Any CPU
		{52CE08A1-7185-4BB6-839A-65E15A9BE5AE}.Test|x64.Build.0 = Release|Any CPU
		{52CE08A1-7185-4BB6-839A-65E15A9BE5AE}.Test|x86.ActiveCfg = Release|Any CPU
		{52CE08A1-7185-4BB6-839A-65E15A9BE5AE}.Test|x86.Build.0 = Release|Any CPU
		{48A61520-332C-4E41-BF6B-25BD0F53D46A}.Debug|Any CPU.ActiveCfg = Debug|x86
		{48A61520-332C-4E41-BF6B-25BD0F53D46A}.Debug|x64.ActiveCfg = Debug|x86
		{48A61520-332C-4E41-BF6B-25BD0F53D46A}.Debug|x86.ActiveCfg = Debug|x86
		{48A61520-332C-4E41-BF6B-25BD0F53D46A}.Debug|x86.Build.0 = Debug|x86
		{48A61520-332C-4E41-BF6B-25BD0F53D46A}.DEPLOY|Any CPU.ActiveCfg = Release|x86
		{48A61520-332C-4E41-BF6B-25BD0F53D46A}.DEPLOY|Any CPU.Build.0 = Release|x86
		{48A61520-332C-4E41-BF6B-25BD0F53D46A}.DEPLOY|x64.ActiveCfg = Release|x86
		{48A61520-332C-4E41-BF6B-25BD0F53D46A}.DEPLOY|x64.Build.0 = Release|x86
		{48A61520-332C-4E41-BF6B-25BD0F53D46A}.DEPLOY|x86.ActiveCfg = Debug|x86
		{48A61520-332C-4E41-BF6B-25BD0F53D46A}.DEPLOY|x86.Build.0 = Debug|x86
		{48A61520-332C-4E41-BF6B-25BD0F53D46A}.INTCOREDeploy|Any CPU.ActiveCfg = Release|x86
		{48A61520-332C-4E41-BF6B-25BD0F53D46A}.INTCOREDeploy|Any CPU.Build.0 = Release|x86
		{48A61520-332C-4E41-BF6B-25BD0F53D46A}.INTCOREDeploy|x64.ActiveCfg = Release|x86
		{48A61520-332C-4E41-BF6B-25BD0F53D46A}.INTCOREDeploy|x64.Build.0 = Release|x86
		{48A61520-332C-4E41-BF6B-25BD0F53D46A}.INTCOREDeploy|x86.ActiveCfg = Release|x86
		{48A61520-332C-4E41-BF6B-25BD0F53D46A}.INTCOREDeploy|x86.Build.0 = Release|x86
		{48A61520-332C-4E41-BF6B-25BD0F53D46A}.Release|Any CPU.ActiveCfg = Release|x86
		{48A61520-332C-4E41-BF6B-25BD0F53D46A}.Release|x64.ActiveCfg = Release|x86
		{48A61520-332C-4E41-BF6B-25BD0F53D46A}.Release|x86.ActiveCfg = Release|x86
		{48A61520-332C-4E41-BF6B-25BD0F53D46A}.Release|x86.Build.0 = Release|x86
		{48A61520-332C-4E41-BF6B-25BD0F53D46A}.Test|Any CPU.ActiveCfg = Release|x86
		{48A61520-332C-4E41-BF6B-25BD0F53D46A}.Test|Any CPU.Build.0 = Release|x86
		{48A61520-332C-4E41-BF6B-25BD0F53D46A}.Test|x64.ActiveCfg = Release|x86
		{48A61520-332C-4E41-BF6B-25BD0F53D46A}.Test|x64.Build.0 = Release|x86
		{48A61520-332C-4E41-BF6B-25BD0F53D46A}.Test|x86.ActiveCfg = Release|x86
		{48A61520-332C-4E41-BF6B-25BD0F53D46A}.Test|x86.Build.0 = Release|x86
		{D8539D57-8898-4C5A-BF0B-5227DCD1AB5A}.Debug|Any CPU.ActiveCfg = Debug|Any CPU
		{D8539D57-8898-4C5A-BF0B-5227DCD1AB5A}.Debug|Any CPU.Build.0 = Debug|Any CPU
		{D8539D57-8898-4C5A-BF0B-5227DCD1AB5A}.Debug|x64.ActiveCfg = Debug|Any CPU
		{D8539D57-8898-4C5A-BF0B-5227DCD1AB5A}.Debug|x64.Build.0 = Debug|Any CPU
		{D8539D57-8898-4C5A-BF0B-5227DCD1AB5A}.Debug|x86.ActiveCfg = Debug|Any CPU
		{D8539D57-8898-4C5A-BF0B-5227DCD1AB5A}.Debug|x86.Build.0 = Debug|Any CPU
		{D8539D57-8898-4C5A-BF0B-5227DCD1AB5A}.DEPLOY|Any CPU.ActiveCfg = Debug|Any CPU
		{D8539D57-8898-4C5A-BF0B-5227DCD1AB5A}.DEPLOY|Any CPU.Build.0 = Debug|Any CPU
		{D8539D57-8898-4C5A-BF0B-5227DCD1AB5A}.DEPLOY|x64.ActiveCfg = Debug|Any CPU
		{D8539D57-8898-4C5A-BF0B-5227DCD1AB5A}.DEPLOY|x64.Build.0 = Debug|Any CPU
		{D8539D57-8898-4C5A-BF0B-5227DCD1AB5A}.DEPLOY|x86.ActiveCfg = Debug|Any CPU
		{D8539D57-8898-4C5A-BF0B-5227DCD1AB5A}.DEPLOY|x86.Build.0 = Debug|Any CPU
		{D8539D57-8898-4C5A-BF0B-5227DCD1AB5A}.INTCOREDeploy|Any CPU.ActiveCfg = Release|Any CPU
		{D8539D57-8898-4C5A-BF0B-5227DCD1AB5A}.INTCOREDeploy|Any CPU.Build.0 = Release|Any CPU
		{D8539D57-8898-4C5A-BF0B-5227DCD1AB5A}.INTCOREDeploy|x64.ActiveCfg = Release|Any CPU
		{D8539D57-8898-4C5A-BF0B-5227DCD1AB5A}.INTCOREDeploy|x64.Build.0 = Release|Any CPU
		{D8539D57-8898-4C5A-BF0B-5227DCD1AB5A}.INTCOREDeploy|x86.ActiveCfg = Release|Any CPU
		{D8539D57-8898-4C5A-BF0B-5227DCD1AB5A}.INTCOREDeploy|x86.Build.0 = Release|Any CPU
		{D8539D57-8898-4C5A-BF0B-5227DCD1AB5A}.Release|Any CPU.ActiveCfg = Release|Any CPU
		{D8539D57-8898-4C5A-BF0B-5227DCD1AB5A}.Release|Any CPU.Build.0 = Release|Any CPU
		{D8539D57-8898-4C5A-BF0B-5227DCD1AB5A}.Release|x64.ActiveCfg = Release|Any CPU
		{D8539D57-8898-4C5A-BF0B-5227DCD1AB5A}.Release|x64.Build.0 = Release|Any CPU
		{D8539D57-8898-4C5A-BF0B-5227DCD1AB5A}.Release|x86.ActiveCfg = Release|Any CPU
		{D8539D57-8898-4C5A-BF0B-5227DCD1AB5A}.Release|x86.Build.0 = Release|Any CPU
		{D8539D57-8898-4C5A-BF0B-5227DCD1AB5A}.Test|Any CPU.ActiveCfg = Release|Any CPU
		{D8539D57-8898-4C5A-BF0B-5227DCD1AB5A}.Test|Any CPU.Build.0 = Release|Any CPU
		{D8539D57-8898-4C5A-BF0B-5227DCD1AB5A}.Test|x64.ActiveCfg = Release|Any CPU
		{D8539D57-8898-4C5A-BF0B-5227DCD1AB5A}.Test|x64.Build.0 = Release|Any CPU
		{D8539D57-8898-4C5A-BF0B-5227DCD1AB5A}.Test|x86.ActiveCfg = Release|Any CPU
		{D8539D57-8898-4C5A-BF0B-5227DCD1AB5A}.Test|x86.Build.0 = Release|Any CPU
		{24AC7289-392C-41F0-857C-8F5C39BFC363}.Debug|Any CPU.ActiveCfg = Debug|Any CPU
		{24AC7289-392C-41F0-857C-8F5C39BFC363}.Debug|Any CPU.Build.0 = Debug|Any CPU
		{24AC7289-392C-41F0-857C-8F5C39BFC363}.Debug|x64.ActiveCfg = Debug|Any CPU
		{24AC7289-392C-41F0-857C-8F5C39BFC363}.Debug|x64.Build.0 = Debug|Any CPU
		{24AC7289-392C-41F0-857C-8F5C39BFC363}.Debug|x86.ActiveCfg = Debug|Any CPU
		{24AC7289-392C-41F0-857C-8F5C39BFC363}.Debug|x86.Build.0 = Debug|Any CPU
		{24AC7289-392C-41F0-857C-8F5C39BFC363}.DEPLOY|Any CPU.ActiveCfg = DEPLOY|Any CPU
		{24AC7289-392C-41F0-857C-8F5C39BFC363}.DEPLOY|Any CPU.Build.0 = DEPLOY|Any CPU
		{24AC7289-392C-41F0-857C-8F5C39BFC363}.DEPLOY|x64.ActiveCfg = DEPLOY|Any CPU
		{24AC7289-392C-41F0-857C-8F5C39BFC363}.DEPLOY|x64.Build.0 = DEPLOY|Any CPU
		{24AC7289-392C-41F0-857C-8F5C39BFC363}.DEPLOY|x86.ActiveCfg = DEPLOY|Any CPU
		{24AC7289-392C-41F0-857C-8F5C39BFC363}.DEPLOY|x86.Build.0 = DEPLOY|Any CPU
		{24AC7289-392C-41F0-857C-8F5C39BFC363}.INTCOREDeploy|Any CPU.ActiveCfg = INTCOREDeploy|Any CPU
		{24AC7289-392C-41F0-857C-8F5C39BFC363}.INTCOREDeploy|Any CPU.Build.0 = INTCOREDeploy|Any CPU
		{24AC7289-392C-41F0-857C-8F5C39BFC363}.INTCOREDeploy|x64.ActiveCfg = INTCOREDeploy|Any CPU
		{24AC7289-392C-41F0-857C-8F5C39BFC363}.INTCOREDeploy|x64.Build.0 = INTCOREDeploy|Any CPU
		{24AC7289-392C-41F0-857C-8F5C39BFC363}.INTCOREDeploy|x86.ActiveCfg = INTCOREDeploy|Any CPU
		{24AC7289-392C-41F0-857C-8F5C39BFC363}.INTCOREDeploy|x86.Build.0 = INTCOREDeploy|Any CPU
		{24AC7289-392C-41F0-857C-8F5C39BFC363}.Release|Any CPU.ActiveCfg = Release|Any CPU
		{24AC7289-392C-41F0-857C-8F5C39BFC363}.Release|Any CPU.Build.0 = Release|Any CPU
		{24AC7289-392C-41F0-857C-8F5C39BFC363}.Release|x64.ActiveCfg = Release|Any CPU
		{24AC7289-392C-41F0-857C-8F5C39BFC363}.Release|x64.Build.0 = Release|Any CPU
		{24AC7289-392C-41F0-857C-8F5C39BFC363}.Release|x86.ActiveCfg = Release|Any CPU
		{24AC7289-392C-41F0-857C-8F5C39BFC363}.Release|x86.Build.0 = Release|Any CPU
		{24AC7289-392C-41F0-857C-8F5C39BFC363}.Test|Any CPU.ActiveCfg = DEPLOY|Any CPU
		{24AC7289-392C-41F0-857C-8F5C39BFC363}.Test|Any CPU.Build.0 = DEPLOY|Any CPU
		{24AC7289-392C-41F0-857C-8F5C39BFC363}.Test|x64.ActiveCfg = DEPLOY|Any CPU
		{24AC7289-392C-41F0-857C-8F5C39BFC363}.Test|x64.Build.0 = DEPLOY|Any CPU
		{24AC7289-392C-41F0-857C-8F5C39BFC363}.Test|x86.ActiveCfg = DEPLOY|Any CPU
		{24AC7289-392C-41F0-857C-8F5C39BFC363}.Test|x86.Build.0 = DEPLOY|Any CPU
		{7C87699B-183A-4F66-B93A-C747F1C6F8F5}.Debug|Any CPU.ActiveCfg = Debug|Any CPU
		{7C87699B-183A-4F66-B93A-C747F1C6F8F5}.Debug|Any CPU.Build.0 = Debug|Any CPU
		{7C87699B-183A-4F66-B93A-C747F1C6F8F5}.Debug|x64.ActiveCfg = Debug|Any CPU
		{7C87699B-183A-4F66-B93A-C747F1C6F8F5}.Debug|x64.Build.0 = Debug|Any CPU
		{7C87699B-183A-4F66-B93A-C747F1C6F8F5}.Debug|x86.ActiveCfg = Debug|Any CPU
		{7C87699B-183A-4F66-B93A-C747F1C6F8F5}.Debug|x86.Build.0 = Debug|Any CPU
		{7C87699B-183A-4F66-B93A-C747F1C6F8F5}.DEPLOY|Any CPU.ActiveCfg = Debug|Any CPU
		{7C87699B-183A-4F66-B93A-C747F1C6F8F5}.DEPLOY|Any CPU.Build.0 = Debug|Any CPU
		{7C87699B-183A-4F66-B93A-C747F1C6F8F5}.DEPLOY|x64.ActiveCfg = Debug|Any CPU
		{7C87699B-183A-4F66-B93A-C747F1C6F8F5}.DEPLOY|x64.Build.0 = Debug|Any CPU
		{7C87699B-183A-4F66-B93A-C747F1C6F8F5}.DEPLOY|x86.ActiveCfg = Debug|Any CPU
		{7C87699B-183A-4F66-B93A-C747F1C6F8F5}.DEPLOY|x86.Build.0 = Debug|Any CPU
		{7C87699B-183A-4F66-B93A-C747F1C6F8F5}.INTCOREDeploy|Any CPU.ActiveCfg = Release|Any CPU
		{7C87699B-183A-4F66-B93A-C747F1C6F8F5}.INTCOREDeploy|Any CPU.Build.0 = Release|Any CPU
		{7C87699B-183A-4F66-B93A-C747F1C6F8F5}.INTCOREDeploy|x64.ActiveCfg = Release|Any CPU
		{7C87699B-183A-4F66-B93A-C747F1C6F8F5}.INTCOREDeploy|x64.Build.0 = Release|Any CPU
		{7C87699B-183A-4F66-B93A-C747F1C6F8F5}.INTCOREDeploy|x86.ActiveCfg = Release|Any CPU
		{7C87699B-183A-4F66-B93A-C747F1C6F8F5}.INTCOREDeploy|x86.Build.0 = Release|Any CPU
		{7C87699B-183A-4F66-B93A-C747F1C6F8F5}.Release|Any CPU.ActiveCfg = Release|Any CPU
		{7C87699B-183A-4F66-B93A-C747F1C6F8F5}.Release|Any CPU.Build.0 = Release|Any CPU
		{7C87699B-183A-4F66-B93A-C747F1C6F8F5}.Release|x64.ActiveCfg = Release|Any CPU
		{7C87699B-183A-4F66-B93A-C747F1C6F8F5}.Release|x64.Build.0 = Release|Any CPU
		{7C87699B-183A-4F66-B93A-C747F1C6F8F5}.Release|x86.ActiveCfg = Release|Any CPU
		{7C87699B-183A-4F66-B93A-C747F1C6F8F5}.Release|x86.Build.0 = Release|Any CPU
		{7C87699B-183A-4F66-B93A-C747F1C6F8F5}.Test|Any CPU.ActiveCfg = Release|Any CPU
		{7C87699B-183A-4F66-B93A-C747F1C6F8F5}.Test|Any CPU.Build.0 = Release|Any CPU
		{7C87699B-183A-4F66-B93A-C747F1C6F8F5}.Test|x64.ActiveCfg = Release|Any CPU
		{7C87699B-183A-4F66-B93A-C747F1C6F8F5}.Test|x64.Build.0 = Release|Any CPU
		{7C87699B-183A-4F66-B93A-C747F1C6F8F5}.Test|x86.ActiveCfg = Release|Any CPU
		{7C87699B-183A-4F66-B93A-C747F1C6F8F5}.Test|x86.Build.0 = Release|Any CPU
		{79520E41-C86F-49BA-B129-EC3E00EC4548}.Debug|Any CPU.ActiveCfg = Debug|x86
		{79520E41-C86F-49BA-B129-EC3E00EC4548}.Debug|x64.ActiveCfg = Debug|x86
		{79520E41-C86F-49BA-B129-EC3E00EC4548}.Debug|x86.ActiveCfg = Debug|x86
		{79520E41-C86F-49BA-B129-EC3E00EC4548}.Debug|x86.Build.0 = Debug|x86
		{79520E41-C86F-49BA-B129-EC3E00EC4548}.DEPLOY|Any CPU.ActiveCfg = Release|x86
		{79520E41-C86F-49BA-B129-EC3E00EC4548}.DEPLOY|Any CPU.Build.0 = Release|x86
		{79520E41-C86F-49BA-B129-EC3E00EC4548}.DEPLOY|x64.ActiveCfg = Release|x86
		{79520E41-C86F-49BA-B129-EC3E00EC4548}.DEPLOY|x64.Build.0 = Release|x86
		{79520E41-C86F-49BA-B129-EC3E00EC4548}.DEPLOY|x86.ActiveCfg = Debug|x86
		{79520E41-C86F-49BA-B129-EC3E00EC4548}.DEPLOY|x86.Build.0 = Debug|x86
		{79520E41-C86F-49BA-B129-EC3E00EC4548}.INTCOREDeploy|Any CPU.ActiveCfg = Release|x86
		{79520E41-C86F-49BA-B129-EC3E00EC4548}.INTCOREDeploy|Any CPU.Build.0 = Release|x86
		{79520E41-C86F-49BA-B129-EC3E00EC4548}.INTCOREDeploy|x64.ActiveCfg = Release|x86
		{79520E41-C86F-49BA-B129-EC3E00EC4548}.INTCOREDeploy|x64.Build.0 = Release|x86
		{79520E41-C86F-49BA-B129-EC3E00EC4548}.INTCOREDeploy|x86.ActiveCfg = Release|x86
		{79520E41-C86F-49BA-B129-EC3E00EC4548}.INTCOREDeploy|x86.Build.0 = Release|x86
		{79520E41-C86F-49BA-B129-EC3E00EC4548}.Release|Any CPU.ActiveCfg = Release|x86
		{79520E41-C86F-49BA-B129-EC3E00EC4548}.Release|x64.ActiveCfg = Release|x86
		{79520E41-C86F-49BA-B129-EC3E00EC4548}.Release|x86.ActiveCfg = Release|x86
		{79520E41-C86F-49BA-B129-EC3E00EC4548}.Release|x86.Build.0 = Release|x86
		{79520E41-C86F-49BA-B129-EC3E00EC4548}.Test|Any CPU.ActiveCfg = Release|x86
		{79520E41-C86F-49BA-B129-EC3E00EC4548}.Test|Any CPU.Build.0 = Release|x86
		{79520E41-C86F-49BA-B129-EC3E00EC4548}.Test|x64.ActiveCfg = Release|x86
		{79520E41-C86F-49BA-B129-EC3E00EC4548}.Test|x64.Build.0 = Release|x86
		{79520E41-C86F-49BA-B129-EC3E00EC4548}.Test|x86.ActiveCfg = Release|x86
		{79520E41-C86F-49BA-B129-EC3E00EC4548}.Test|x86.Build.0 = Release|x86
		{E68ABE8D-B387-4E97-BC88-E756286CB270}.Debug|Any CPU.ActiveCfg = Debug|x86
		{E68ABE8D-B387-4E97-BC88-E756286CB270}.Debug|x64.ActiveCfg = Debug|x86
		{E68ABE8D-B387-4E97-BC88-E756286CB270}.Debug|x86.ActiveCfg = Debug|x86
		{E68ABE8D-B387-4E97-BC88-E756286CB270}.Debug|x86.Build.0 = Debug|x86
		{E68ABE8D-B387-4E97-BC88-E756286CB270}.DEPLOY|Any CPU.ActiveCfg = Release|x86
		{E68ABE8D-B387-4E97-BC88-E756286CB270}.DEPLOY|Any CPU.Build.0 = Release|x86
		{E68ABE8D-B387-4E97-BC88-E756286CB270}.DEPLOY|x64.ActiveCfg = Release|x86
		{E68ABE8D-B387-4E97-BC88-E756286CB270}.DEPLOY|x64.Build.0 = Release|x86
		{E68ABE8D-B387-4E97-BC88-E756286CB270}.DEPLOY|x86.ActiveCfg = Debug|x86
		{E68ABE8D-B387-4E97-BC88-E756286CB270}.DEPLOY|x86.Build.0 = Debug|x86
		{E68ABE8D-B387-4E97-BC88-E756286CB270}.INTCOREDeploy|Any CPU.ActiveCfg = Release|x86
		{E68ABE8D-B387-4E97-BC88-E756286CB270}.INTCOREDeploy|Any CPU.Build.0 = Release|x86
		{E68ABE8D-B387-4E97-BC88-E756286CB270}.INTCOREDeploy|x64.ActiveCfg = Release|x86
		{E68ABE8D-B387-4E97-BC88-E756286CB270}.INTCOREDeploy|x64.Build.0 = Release|x86
		{E68ABE8D-B387-4E97-BC88-E756286CB270}.INTCOREDeploy|x86.ActiveCfg = Release|x86
		{E68ABE8D-B387-4E97-BC88-E756286CB270}.INTCOREDeploy|x86.Build.0 = Release|x86
		{E68ABE8D-B387-4E97-BC88-E756286CB270}.Release|Any CPU.ActiveCfg = Release|x86
		{E68ABE8D-B387-4E97-BC88-E756286CB270}.Release|x64.ActiveCfg = Release|x86
		{E68ABE8D-B387-4E97-BC88-E756286CB270}.Release|x86.ActiveCfg = Release|x86
		{E68ABE8D-B387-4E97-BC88-E756286CB270}.Release|x86.Build.0 = Release|x86
		{E68ABE8D-B387-4E97-BC88-E756286CB270}.Test|Any CPU.ActiveCfg = Release|x86
		{E68ABE8D-B387-4E97-BC88-E756286CB270}.Test|Any CPU.Build.0 = Release|x86
		{E68ABE8D-B387-4E97-BC88-E756286CB270}.Test|x64.ActiveCfg = Release|x86
		{E68ABE8D-B387-4E97-BC88-E756286CB270}.Test|x64.Build.0 = Release|x86
		{E68ABE8D-B387-4E97-BC88-E756286CB270}.Test|x86.ActiveCfg = Release|x86
		{E68ABE8D-B387-4E97-BC88-E756286CB270}.Test|x86.Build.0 = Release|x86
		{B9B44E31-293A-491C-8E2D-72BD5FA417C0}.Debug|Any CPU.ActiveCfg = Debug|Any CPU
		{B9B44E31-293A-491C-8E2D-72BD5FA417C0}.Debug|Any CPU.Build.0 = Debug|Any CPU
		{B9B44E31-293A-491C-8E2D-72BD5FA417C0}.Debug|x64.ActiveCfg = Debug|Any CPU
		{B9B44E31-293A-491C-8E2D-72BD5FA417C0}.Debug|x64.Build.0 = Debug|Any CPU
		{B9B44E31-293A-491C-8E2D-72BD5FA417C0}.Debug|x86.ActiveCfg = Debug|Any CPU
		{B9B44E31-293A-491C-8E2D-72BD5FA417C0}.Debug|x86.Build.0 = Debug|Any CPU
		{B9B44E31-293A-491C-8E2D-72BD5FA417C0}.DEPLOY|Any CPU.ActiveCfg = Debug|Any CPU
		{B9B44E31-293A-491C-8E2D-72BD5FA417C0}.DEPLOY|Any CPU.Build.0 = Debug|Any CPU
		{B9B44E31-293A-491C-8E2D-72BD5FA417C0}.DEPLOY|x64.ActiveCfg = Debug|Any CPU
		{B9B44E31-293A-491C-8E2D-72BD5FA417C0}.DEPLOY|x64.Build.0 = Debug|Any CPU
		{B9B44E31-293A-491C-8E2D-72BD5FA417C0}.DEPLOY|x86.ActiveCfg = Debug|Any CPU
		{B9B44E31-293A-491C-8E2D-72BD5FA417C0}.DEPLOY|x86.Build.0 = Debug|Any CPU
		{B9B44E31-293A-491C-8E2D-72BD5FA417C0}.INTCOREDeploy|Any CPU.ActiveCfg = Release|Any CPU
		{B9B44E31-293A-491C-8E2D-72BD5FA417C0}.INTCOREDeploy|Any CPU.Build.0 = Release|Any CPU
		{B9B44E31-293A-491C-8E2D-72BD5FA417C0}.INTCOREDeploy|x64.ActiveCfg = Release|Any CPU
		{B9B44E31-293A-491C-8E2D-72BD5FA417C0}.INTCOREDeploy|x64.Build.0 = Release|Any CPU
		{B9B44E31-293A-491C-8E2D-72BD5FA417C0}.INTCOREDeploy|x86.ActiveCfg = Release|Any CPU
		{B9B44E31-293A-491C-8E2D-72BD5FA417C0}.INTCOREDeploy|x86.Build.0 = Release|Any CPU
		{B9B44E31-293A-491C-8E2D-72BD5FA417C0}.Release|Any CPU.ActiveCfg = Release|Any CPU
		{B9B44E31-293A-491C-8E2D-72BD5FA417C0}.Release|Any CPU.Build.0 = Release|Any CPU
		{B9B44E31-293A-491C-8E2D-72BD5FA417C0}.Release|x64.ActiveCfg = Release|Any CPU
		{B9B44E31-293A-491C-8E2D-72BD5FA417C0}.Release|x64.Build.0 = Release|Any CPU
		{B9B44E31-293A-491C-8E2D-72BD5FA417C0}.Release|x86.ActiveCfg = Release|Any CPU
		{B9B44E31-293A-491C-8E2D-72BD5FA417C0}.Release|x86.Build.0 = Release|Any CPU
		{B9B44E31-293A-491C-8E2D-72BD5FA417C0}.Test|Any CPU.ActiveCfg = Release|Any CPU
		{B9B44E31-293A-491C-8E2D-72BD5FA417C0}.Test|Any CPU.Build.0 = Release|Any CPU
		{B9B44E31-293A-491C-8E2D-72BD5FA417C0}.Test|x64.ActiveCfg = Release|Any CPU
		{B9B44E31-293A-491C-8E2D-72BD5FA417C0}.Test|x64.Build.0 = Release|Any CPU
		{B9B44E31-293A-491C-8E2D-72BD5FA417C0}.Test|x86.ActiveCfg = Release|Any CPU
		{B9B44E31-293A-491C-8E2D-72BD5FA417C0}.Test|x86.Build.0 = Release|Any CPU
		{136181D0-EC4A-4773-AB06-D2A43EFFA12C}.Debug|Any CPU.ActiveCfg = Debug|x86
		{136181D0-EC4A-4773-AB06-D2A43EFFA12C}.Debug|x64.ActiveCfg = Debug|x86
		{136181D0-EC4A-4773-AB06-D2A43EFFA12C}.Debug|x86.ActiveCfg = Debug|x86
		{136181D0-EC4A-4773-AB06-D2A43EFFA12C}.Debug|x86.Build.0 = Debug|x86
		{136181D0-EC4A-4773-AB06-D2A43EFFA12C}.DEPLOY|Any CPU.ActiveCfg = Release|x86
		{136181D0-EC4A-4773-AB06-D2A43EFFA12C}.DEPLOY|Any CPU.Build.0 = Release|x86
		{136181D0-EC4A-4773-AB06-D2A43EFFA12C}.DEPLOY|x64.ActiveCfg = Release|x86
		{136181D0-EC4A-4773-AB06-D2A43EFFA12C}.DEPLOY|x64.Build.0 = Release|x86
		{136181D0-EC4A-4773-AB06-D2A43EFFA12C}.DEPLOY|x86.ActiveCfg = Debug|x86
		{136181D0-EC4A-4773-AB06-D2A43EFFA12C}.DEPLOY|x86.Build.0 = Debug|x86
		{136181D0-EC4A-4773-AB06-D2A43EFFA12C}.INTCOREDeploy|Any CPU.ActiveCfg = Release|x86
		{136181D0-EC4A-4773-AB06-D2A43EFFA12C}.INTCOREDeploy|Any CPU.Build.0 = Release|x86
		{136181D0-EC4A-4773-AB06-D2A43EFFA12C}.INTCOREDeploy|x64.ActiveCfg = Release|x86
		{136181D0-EC4A-4773-AB06-D2A43EFFA12C}.INTCOREDeploy|x64.Build.0 = Release|x86
		{136181D0-EC4A-4773-AB06-D2A43EFFA12C}.INTCOREDeploy|x86.ActiveCfg = Release|x86
		{136181D0-EC4A-4773-AB06-D2A43EFFA12C}.INTCOREDeploy|x86.Build.0 = Release|x86
		{136181D0-EC4A-4773-AB06-D2A43EFFA12C}.Release|Any CPU.ActiveCfg = Release|x86
		{136181D0-EC4A-4773-AB06-D2A43EFFA12C}.Release|x64.ActiveCfg = Release|x86
		{136181D0-EC4A-4773-AB06-D2A43EFFA12C}.Release|x86.ActiveCfg = Release|x86
		{136181D0-EC4A-4773-AB06-D2A43EFFA12C}.Release|x86.Build.0 = Release|x86
		{136181D0-EC4A-4773-AB06-D2A43EFFA12C}.Test|Any CPU.ActiveCfg = Release|x86
		{136181D0-EC4A-4773-AB06-D2A43EFFA12C}.Test|Any CPU.Build.0 = Release|x86
		{136181D0-EC4A-4773-AB06-D2A43EFFA12C}.Test|x64.ActiveCfg = Release|x86
		{136181D0-EC4A-4773-AB06-D2A43EFFA12C}.Test|x64.Build.0 = Release|x86
		{136181D0-EC4A-4773-AB06-D2A43EFFA12C}.Test|x86.ActiveCfg = Release|x86
		{136181D0-EC4A-4773-AB06-D2A43EFFA12C}.Test|x86.Build.0 = Release|x86
		{25CB321E-1A01-456D-84F1-0DEEE4E9554A}.Debug|Any CPU.ActiveCfg = Debug|Any CPU
		{25CB321E-1A01-456D-84F1-0DEEE4E9554A}.Debug|Any CPU.Build.0 = Debug|Any CPU
		{25CB321E-1A01-456D-84F1-0DEEE4E9554A}.Debug|x64.ActiveCfg = Debug|Any CPU
		{25CB321E-1A01-456D-84F1-0DEEE4E9554A}.Debug|x64.Build.0 = Debug|Any CPU
		{25CB321E-1A01-456D-84F1-0DEEE4E9554A}.Debug|x86.ActiveCfg = Debug|Any CPU
		{25CB321E-1A01-456D-84F1-0DEEE4E9554A}.Debug|x86.Build.0 = Debug|Any CPU
		{25CB321E-1A01-456D-84F1-0DEEE4E9554A}.DEPLOY|Any CPU.ActiveCfg = Debug|Any CPU
		{25CB321E-1A01-456D-84F1-0DEEE4E9554A}.DEPLOY|Any CPU.Build.0 = Debug|Any CPU
		{25CB321E-1A01-456D-84F1-0DEEE4E9554A}.DEPLOY|x64.ActiveCfg = Debug|Any CPU
		{25CB321E-1A01-456D-84F1-0DEEE4E9554A}.DEPLOY|x64.Build.0 = Debug|Any CPU
		{25CB321E-1A01-456D-84F1-0DEEE4E9554A}.DEPLOY|x86.ActiveCfg = Debug|Any CPU
		{25CB321E-1A01-456D-84F1-0DEEE4E9554A}.DEPLOY|x86.Build.0 = Debug|Any CPU
		{25CB321E-1A01-456D-84F1-0DEEE4E9554A}.INTCOREDeploy|Any CPU.ActiveCfg = Release|Any CPU
		{25CB321E-1A01-456D-84F1-0DEEE4E9554A}.INTCOREDeploy|Any CPU.Build.0 = Release|Any CPU
		{25CB321E-1A01-456D-84F1-0DEEE4E9554A}.INTCOREDeploy|x64.ActiveCfg = Release|Any CPU
		{25CB321E-1A01-456D-84F1-0DEEE4E9554A}.INTCOREDeploy|x64.Build.0 = Release|Any CPU
		{25CB321E-1A01-456D-84F1-0DEEE4E9554A}.INTCOREDeploy|x86.ActiveCfg = Release|Any CPU
		{25CB321E-1A01-456D-84F1-0DEEE4E9554A}.INTCOREDeploy|x86.Build.0 = Release|Any CPU
		{25CB321E-1A01-456D-84F1-0DEEE4E9554A}.Release|Any CPU.ActiveCfg = Release|Any CPU
		{25CB321E-1A01-456D-84F1-0DEEE4E9554A}.Release|Any CPU.Build.0 = Release|Any CPU
		{25CB321E-1A01-456D-84F1-0DEEE4E9554A}.Release|x64.ActiveCfg = Release|Any CPU
		{25CB321E-1A01-456D-84F1-0DEEE4E9554A}.Release|x64.Build.0 = Release|Any CPU
		{25CB321E-1A01-456D-84F1-0DEEE4E9554A}.Release|x86.ActiveCfg = Release|Any CPU
		{25CB321E-1A01-456D-84F1-0DEEE4E9554A}.Release|x86.Build.0 = Release|Any CPU
		{25CB321E-1A01-456D-84F1-0DEEE4E9554A}.Test|Any CPU.ActiveCfg = Release|Any CPU
		{25CB321E-1A01-456D-84F1-0DEEE4E9554A}.Test|Any CPU.Build.0 = Release|Any CPU
		{25CB321E-1A01-456D-84F1-0DEEE4E9554A}.Test|x64.ActiveCfg = Release|Any CPU
		{25CB321E-1A01-456D-84F1-0DEEE4E9554A}.Test|x64.Build.0 = Release|Any CPU
		{25CB321E-1A01-456D-84F1-0DEEE4E9554A}.Test|x86.ActiveCfg = Release|Any CPU
		{25CB321E-1A01-456D-84F1-0DEEE4E9554A}.Test|x86.Build.0 = Release|Any CPU
		{6B3F797A-A7F3-44BB-A2DC-3F3DF6E0E158}.Debug|Any CPU.ActiveCfg = Debug|x86
		{6B3F797A-A7F3-44BB-A2DC-3F3DF6E0E158}.Debug|x64.ActiveCfg = Debug|x86
		{6B3F797A-A7F3-44BB-A2DC-3F3DF6E0E158}.Debug|x86.ActiveCfg = Debug|x86
		{6B3F797A-A7F3-44BB-A2DC-3F3DF6E0E158}.Debug|x86.Build.0 = Debug|x86
		{6B3F797A-A7F3-44BB-A2DC-3F3DF6E0E158}.DEPLOY|Any CPU.ActiveCfg = Release|x86
		{6B3F797A-A7F3-44BB-A2DC-3F3DF6E0E158}.DEPLOY|Any CPU.Build.0 = Release|x86
		{6B3F797A-A7F3-44BB-A2DC-3F3DF6E0E158}.DEPLOY|x64.ActiveCfg = Release|x86
		{6B3F797A-A7F3-44BB-A2DC-3F3DF6E0E158}.DEPLOY|x64.Build.0 = Release|x86
		{6B3F797A-A7F3-44BB-A2DC-3F3DF6E0E158}.DEPLOY|x86.ActiveCfg = Debug|x86
		{6B3F797A-A7F3-44BB-A2DC-3F3DF6E0E158}.DEPLOY|x86.Build.0 = Debug|x86
		{6B3F797A-A7F3-44BB-A2DC-3F3DF6E0E158}.INTCOREDeploy|Any CPU.ActiveCfg = Release|x86
		{6B3F797A-A7F3-44BB-A2DC-3F3DF6E0E158}.INTCOREDeploy|Any CPU.Build.0 = Release|x86
		{6B3F797A-A7F3-44BB-A2DC-3F3DF6E0E158}.INTCOREDeploy|x64.ActiveCfg = Release|x86
		{6B3F797A-A7F3-44BB-A2DC-3F3DF6E0E158}.INTCOREDeploy|x64.Build.0 = Release|x86
		{6B3F797A-A7F3-44BB-A2DC-3F3DF6E0E158}.INTCOREDeploy|x86.ActiveCfg = Release|x86
		{6B3F797A-A7F3-44BB-A2DC-3F3DF6E0E158}.INTCOREDeploy|x86.Build.0 = Release|x86
		{6B3F797A-A7F3-44BB-A2DC-3F3DF6E0E158}.Release|Any CPU.ActiveCfg = Release|x86
		{6B3F797A-A7F3-44BB-A2DC-3F3DF6E0E158}.Release|x64.ActiveCfg = Release|x86
		{6B3F797A-A7F3-44BB-A2DC-3F3DF6E0E158}.Release|x86.ActiveCfg = Release|x86
		{6B3F797A-A7F3-44BB-A2DC-3F3DF6E0E158}.Release|x86.Build.0 = Release|x86
		{6B3F797A-A7F3-44BB-A2DC-3F3DF6E0E158}.Test|Any CPU.ActiveCfg = Release|x86
		{6B3F797A-A7F3-44BB-A2DC-3F3DF6E0E158}.Test|Any CPU.Build.0 = Release|x86
		{6B3F797A-A7F3-44BB-A2DC-3F3DF6E0E158}.Test|x64.ActiveCfg = Release|x86
		{6B3F797A-A7F3-44BB-A2DC-3F3DF6E0E158}.Test|x64.Build.0 = Release|x86
		{6B3F797A-A7F3-44BB-A2DC-3F3DF6E0E158}.Test|x86.ActiveCfg = Release|x86
		{6B3F797A-A7F3-44BB-A2DC-3F3DF6E0E158}.Test|x86.Build.0 = Release|x86
		{5164E5C0-97EB-4409-BCF0-DBB0509B8FB3}.Debug|Any CPU.ActiveCfg = Debug|Any CPU
		{5164E5C0-97EB-4409-BCF0-DBB0509B8FB3}.Debug|Any CPU.Build.0 = Debug|Any CPU
		{5164E5C0-97EB-4409-BCF0-DBB0509B8FB3}.Debug|x64.ActiveCfg = Debug|Any CPU
		{5164E5C0-97EB-4409-BCF0-DBB0509B8FB3}.Debug|x64.Build.0 = Debug|Any CPU
		{5164E5C0-97EB-4409-BCF0-DBB0509B8FB3}.Debug|x86.ActiveCfg = Debug|Any CPU
		{5164E5C0-97EB-4409-BCF0-DBB0509B8FB3}.Debug|x86.Build.0 = Debug|Any CPU
		{5164E5C0-97EB-4409-BCF0-DBB0509B8FB3}.DEPLOY|Any CPU.ActiveCfg = Debug|Any CPU
		{5164E5C0-97EB-4409-BCF0-DBB0509B8FB3}.DEPLOY|Any CPU.Build.0 = Debug|Any CPU
		{5164E5C0-97EB-4409-BCF0-DBB0509B8FB3}.DEPLOY|x64.ActiveCfg = Debug|Any CPU
		{5164E5C0-97EB-4409-BCF0-DBB0509B8FB3}.DEPLOY|x64.Build.0 = Debug|Any CPU
		{5164E5C0-97EB-4409-BCF0-DBB0509B8FB3}.DEPLOY|x86.ActiveCfg = Debug|Any CPU
		{5164E5C0-97EB-4409-BCF0-DBB0509B8FB3}.DEPLOY|x86.Build.0 = Debug|Any CPU
		{5164E5C0-97EB-4409-BCF0-DBB0509B8FB3}.INTCOREDeploy|Any CPU.ActiveCfg = Release|Any CPU
		{5164E5C0-97EB-4409-BCF0-DBB0509B8FB3}.INTCOREDeploy|Any CPU.Build.0 = Release|Any CPU
		{5164E5C0-97EB-4409-BCF0-DBB0509B8FB3}.INTCOREDeploy|x64.ActiveCfg = Release|Any CPU
		{5164E5C0-97EB-4409-BCF0-DBB0509B8FB3}.INTCOREDeploy|x64.Build.0 = Release|Any CPU
		{5164E5C0-97EB-4409-BCF0-DBB0509B8FB3}.INTCOREDeploy|x86.ActiveCfg = Release|Any CPU
		{5164E5C0-97EB-4409-BCF0-DBB0509B8FB3}.INTCOREDeploy|x86.Build.0 = Release|Any CPU
		{5164E5C0-97EB-4409-BCF0-DBB0509B8FB3}.Release|Any CPU.ActiveCfg = Release|Any CPU
		{5164E5C0-97EB-4409-BCF0-DBB0509B8FB3}.Release|Any CPU.Build.0 = Release|Any CPU
		{5164E5C0-97EB-4409-BCF0-DBB0509B8FB3}.Release|x64.ActiveCfg = Release|Any CPU
		{5164E5C0-97EB-4409-BCF0-DBB0509B8FB3}.Release|x64.Build.0 = Release|Any CPU
		{5164E5C0-97EB-4409-BCF0-DBB0509B8FB3}.Release|x86.ActiveCfg = Release|Any CPU
		{5164E5C0-97EB-4409-BCF0-DBB0509B8FB3}.Release|x86.Build.0 = Release|Any CPU
		{5164E5C0-97EB-4409-BCF0-DBB0509B8FB3}.Test|Any CPU.ActiveCfg = Release|Any CPU
		{5164E5C0-97EB-4409-BCF0-DBB0509B8FB3}.Test|Any CPU.Build.0 = Release|Any CPU
		{5164E5C0-97EB-4409-BCF0-DBB0509B8FB3}.Test|x64.ActiveCfg = Release|Any CPU
		{5164E5C0-97EB-4409-BCF0-DBB0509B8FB3}.Test|x64.Build.0 = Release|Any CPU
		{5164E5C0-97EB-4409-BCF0-DBB0509B8FB3}.Test|x86.ActiveCfg = Release|Any CPU
		{5164E5C0-97EB-4409-BCF0-DBB0509B8FB3}.Test|x86.Build.0 = Release|Any CPU
		{9D70E5D8-4429-405A-A26C-6FE18528770F}.Debug|Any CPU.ActiveCfg = Debug|Any CPU
		{9D70E5D8-4429-405A-A26C-6FE18528770F}.Debug|Any CPU.Build.0 = Debug|Any CPU
		{9D70E5D8-4429-405A-A26C-6FE18528770F}.Debug|x64.ActiveCfg = Debug|Any CPU
		{9D70E5D8-4429-405A-A26C-6FE18528770F}.Debug|x64.Build.0 = Debug|Any CPU
		{9D70E5D8-4429-405A-A26C-6FE18528770F}.Debug|x86.ActiveCfg = Debug|Any CPU
		{9D70E5D8-4429-405A-A26C-6FE18528770F}.Debug|x86.Build.0 = Debug|Any CPU
		{9D70E5D8-4429-405A-A26C-6FE18528770F}.DEPLOY|Any CPU.ActiveCfg = Debug|Any CPU
		{9D70E5D8-4429-405A-A26C-6FE18528770F}.DEPLOY|Any CPU.Build.0 = Debug|Any CPU
		{9D70E5D8-4429-405A-A26C-6FE18528770F}.DEPLOY|x64.ActiveCfg = Debug|Any CPU
		{9D70E5D8-4429-405A-A26C-6FE18528770F}.DEPLOY|x64.Build.0 = Debug|Any CPU
		{9D70E5D8-4429-405A-A26C-6FE18528770F}.DEPLOY|x86.ActiveCfg = Debug|Any CPU
		{9D70E5D8-4429-405A-A26C-6FE18528770F}.DEPLOY|x86.Build.0 = Debug|Any CPU
		{9D70E5D8-4429-405A-A26C-6FE18528770F}.INTCOREDeploy|Any CPU.ActiveCfg = Release|Any CPU
		{9D70E5D8-4429-405A-A26C-6FE18528770F}.INTCOREDeploy|Any CPU.Build.0 = Release|Any CPU
		{9D70E5D8-4429-405A-A26C-6FE18528770F}.INTCOREDeploy|x64.ActiveCfg = Release|Any CPU
		{9D70E5D8-4429-405A-A26C-6FE18528770F}.INTCOREDeploy|x64.Build.0 = Release|Any CPU
		{9D70E5D8-4429-405A-A26C-6FE18528770F}.INTCOREDeploy|x86.ActiveCfg = Release|Any CPU
		{9D70E5D8-4429-405A-A26C-6FE18528770F}.INTCOREDeploy|x86.Build.0 = Release|Any CPU
		{9D70E5D8-4429-405A-A26C-6FE18528770F}.Release|Any CPU.ActiveCfg = Release|Any CPU
		{9D70E5D8-4429-405A-A26C-6FE18528770F}.Release|Any CPU.Build.0 = Release|Any CPU
		{9D70E5D8-4429-405A-A26C-6FE18528770F}.Release|x64.ActiveCfg = Release|Any CPU
		{9D70E5D8-4429-405A-A26C-6FE18528770F}.Release|x64.Build.0 = Release|Any CPU
		{9D70E5D8-4429-405A-A26C-6FE18528770F}.Release|x86.ActiveCfg = Release|Any CPU
		{9D70E5D8-4429-405A-A26C-6FE18528770F}.Release|x86.Build.0 = Release|Any CPU
		{9D70E5D8-4429-405A-A26C-6FE18528770F}.Test|Any CPU.ActiveCfg = Release|Any CPU
		{9D70E5D8-4429-405A-A26C-6FE18528770F}.Test|Any CPU.Build.0 = Release|Any CPU
		{9D70E5D8-4429-405A-A26C-6FE18528770F}.Test|x64.ActiveCfg = Release|Any CPU
		{9D70E5D8-4429-405A-A26C-6FE18528770F}.Test|x64.Build.0 = Release|Any CPU
		{9D70E5D8-4429-405A-A26C-6FE18528770F}.Test|x86.ActiveCfg = Release|Any CPU
		{9D70E5D8-4429-405A-A26C-6FE18528770F}.Test|x86.Build.0 = Release|Any CPU
		{8E8E2F42-8EC0-4942-A34A-95C28313DE43}.Debug|Any CPU.ActiveCfg = Debug|Any CPU
		{8E8E2F42-8EC0-4942-A34A-95C28313DE43}.Debug|Any CPU.Build.0 = Debug|Any CPU
		{8E8E2F42-8EC0-4942-A34A-95C28313DE43}.Debug|x64.ActiveCfg = Debug|Any CPU
		{8E8E2F42-8EC0-4942-A34A-95C28313DE43}.Debug|x64.Build.0 = Debug|Any CPU
		{8E8E2F42-8EC0-4942-A34A-95C28313DE43}.Debug|x86.ActiveCfg = Debug|Any CPU
		{8E8E2F42-8EC0-4942-A34A-95C28313DE43}.Debug|x86.Build.0 = Debug|Any CPU
		{8E8E2F42-8EC0-4942-A34A-95C28313DE43}.DEPLOY|Any CPU.ActiveCfg = Debug|Any CPU
		{8E8E2F42-8EC0-4942-A34A-95C28313DE43}.DEPLOY|Any CPU.Build.0 = Debug|Any CPU
		{8E8E2F42-8EC0-4942-A34A-95C28313DE43}.DEPLOY|x64.ActiveCfg = Debug|Any CPU
		{8E8E2F42-8EC0-4942-A34A-95C28313DE43}.DEPLOY|x64.Build.0 = Debug|Any CPU
		{8E8E2F42-8EC0-4942-A34A-95C28313DE43}.DEPLOY|x86.ActiveCfg = Debug|Any CPU
		{8E8E2F42-8EC0-4942-A34A-95C28313DE43}.DEPLOY|x86.Build.0 = Debug|Any CPU
		{8E8E2F42-8EC0-4942-A34A-95C28313DE43}.INTCOREDeploy|Any CPU.ActiveCfg = Release|Any CPU
		{8E8E2F42-8EC0-4942-A34A-95C28313DE43}.INTCOREDeploy|Any CPU.Build.0 = Release|Any CPU
		{8E8E2F42-8EC0-4942-A34A-95C28313DE43}.INTCOREDeploy|x64.ActiveCfg = Release|Any CPU
		{8E8E2F42-8EC0-4942-A34A-95C28313DE43}.INTCOREDeploy|x64.Build.0 = Release|Any CPU
		{8E8E2F42-8EC0-4942-A34A-95C28313DE43}.INTCOREDeploy|x86.ActiveCfg = Release|Any CPU
		{8E8E2F42-8EC0-4942-A34A-95C28313DE43}.INTCOREDeploy|x86.Build.0 = Release|Any CPU
		{8E8E2F42-8EC0-4942-A34A-95C28313DE43}.Release|Any CPU.ActiveCfg = Release|Any CPU
		{8E8E2F42-8EC0-4942-A34A-95C28313DE43}.Release|Any CPU.Build.0 = Release|Any CPU
		{8E8E2F42-8EC0-4942-A34A-95C28313DE43}.Release|x64.ActiveCfg = Release|Any CPU
		{8E8E2F42-8EC0-4942-A34A-95C28313DE43}.Release|x64.Build.0 = Release|Any CPU
		{8E8E2F42-8EC0-4942-A34A-95C28313DE43}.Release|x86.ActiveCfg = Release|Any CPU
		{8E8E2F42-8EC0-4942-A34A-95C28313DE43}.Release|x86.Build.0 = Release|Any CPU
		{8E8E2F42-8EC0-4942-A34A-95C28313DE43}.Test|Any CPU.ActiveCfg = Release|Any CPU
		{8E8E2F42-8EC0-4942-A34A-95C28313DE43}.Test|Any CPU.Build.0 = Release|Any CPU
		{8E8E2F42-8EC0-4942-A34A-95C28313DE43}.Test|x64.ActiveCfg = Release|Any CPU
		{8E8E2F42-8EC0-4942-A34A-95C28313DE43}.Test|x64.Build.0 = Release|Any CPU
		{8E8E2F42-8EC0-4942-A34A-95C28313DE43}.Test|x86.ActiveCfg = Release|Any CPU
		{8E8E2F42-8EC0-4942-A34A-95C28313DE43}.Test|x86.Build.0 = Release|Any CPU
		{E990A2F7-71A1-433B-A62D-FAAE8379E571}.Debug|Any CPU.ActiveCfg = Debug|Any CPU
		{E990A2F7-71A1-433B-A62D-FAAE8379E571}.Debug|Any CPU.Build.0 = Debug|Any CPU
		{E990A2F7-71A1-433B-A62D-FAAE8379E571}.Debug|x64.ActiveCfg = Debug|Any CPU
		{E990A2F7-71A1-433B-A62D-FAAE8379E571}.Debug|x64.Build.0 = Debug|Any CPU
		{E990A2F7-71A1-433B-A62D-FAAE8379E571}.Debug|x86.ActiveCfg = Debug|Any CPU
		{E990A2F7-71A1-433B-A62D-FAAE8379E571}.Debug|x86.Build.0 = Debug|Any CPU
		{E990A2F7-71A1-433B-A62D-FAAE8379E571}.DEPLOY|Any CPU.ActiveCfg = Debug|Any CPU
		{E990A2F7-71A1-433B-A62D-FAAE8379E571}.DEPLOY|Any CPU.Build.0 = Debug|Any CPU
		{E990A2F7-71A1-433B-A62D-FAAE8379E571}.DEPLOY|x64.ActiveCfg = Debug|Any CPU
		{E990A2F7-71A1-433B-A62D-FAAE8379E571}.DEPLOY|x64.Build.0 = Debug|Any CPU
		{E990A2F7-71A1-433B-A62D-FAAE8379E571}.DEPLOY|x86.ActiveCfg = Debug|Any CPU
		{E990A2F7-71A1-433B-A62D-FAAE8379E571}.DEPLOY|x86.Build.0 = Debug|Any CPU
		{E990A2F7-71A1-433B-A62D-FAAE8379E571}.INTCOREDeploy|Any CPU.ActiveCfg = Release|Any CPU
		{E990A2F7-71A1-433B-A62D-FAAE8379E571}.INTCOREDeploy|Any CPU.Build.0 = Release|Any CPU
		{E990A2F7-71A1-433B-A62D-FAAE8379E571}.INTCOREDeploy|x64.ActiveCfg = Release|Any CPU
		{E990A2F7-71A1-433B-A62D-FAAE8379E571}.INTCOREDeploy|x64.Build.0 = Release|Any CPU
		{E990A2F7-71A1-433B-A62D-FAAE8379E571}.INTCOREDeploy|x86.ActiveCfg = Release|Any CPU
		{E990A2F7-71A1-433B-A62D-FAAE8379E571}.INTCOREDeploy|x86.Build.0 = Release|Any CPU
		{E990A2F7-71A1-433B-A62D-FAAE8379E571}.Release|Any CPU.ActiveCfg = Release|Any CPU
		{E990A2F7-71A1-433B-A62D-FAAE8379E571}.Release|Any CPU.Build.0 = Release|Any CPU
		{E990A2F7-71A1-433B-A62D-FAAE8379E571}.Release|x64.ActiveCfg = Release|Any CPU
		{E990A2F7-71A1-433B-A62D-FAAE8379E571}.Release|x64.Build.0 = Release|Any CPU
		{E990A2F7-71A1-433B-A62D-FAAE8379E571}.Release|x86.ActiveCfg = Release|Any CPU
		{E990A2F7-71A1-433B-A62D-FAAE8379E571}.Release|x86.Build.0 = Release|Any CPU
		{E990A2F7-71A1-433B-A62D-FAAE8379E571}.Test|Any CPU.ActiveCfg = Release|Any CPU
		{E990A2F7-71A1-433B-A62D-FAAE8379E571}.Test|Any CPU.Build.0 = Release|Any CPU
		{E990A2F7-71A1-433B-A62D-FAAE8379E571}.Test|x64.ActiveCfg = Release|Any CPU
		{E990A2F7-71A1-433B-A62D-FAAE8379E571}.Test|x64.Build.0 = Release|Any CPU
		{E990A2F7-71A1-433B-A62D-FAAE8379E571}.Test|x86.ActiveCfg = Release|Any CPU
		{E990A2F7-71A1-433B-A62D-FAAE8379E571}.Test|x86.Build.0 = Release|Any CPU
		{816E8D05-C5EF-4FDD-BA0B-C3D02AB522AB}.Debug|Any CPU.ActiveCfg = Debug|Any CPU
		{816E8D05-C5EF-4FDD-BA0B-C3D02AB522AB}.Debug|Any CPU.Build.0 = Debug|Any CPU
		{816E8D05-C5EF-4FDD-BA0B-C3D02AB522AB}.Debug|x64.ActiveCfg = Debug|Any CPU
		{816E8D05-C5EF-4FDD-BA0B-C3D02AB522AB}.Debug|x64.Build.0 = Debug|Any CPU
		{816E8D05-C5EF-4FDD-BA0B-C3D02AB522AB}.Debug|x86.ActiveCfg = Debug|Any CPU
		{816E8D05-C5EF-4FDD-BA0B-C3D02AB522AB}.Debug|x86.Build.0 = Debug|Any CPU
		{816E8D05-C5EF-4FDD-BA0B-C3D02AB522AB}.DEPLOY|Any CPU.ActiveCfg = Debug|Any CPU
		{816E8D05-C5EF-4FDD-BA0B-C3D02AB522AB}.DEPLOY|Any CPU.Build.0 = Debug|Any CPU
		{816E8D05-C5EF-4FDD-BA0B-C3D02AB522AB}.DEPLOY|x64.ActiveCfg = Debug|Any CPU
		{816E8D05-C5EF-4FDD-BA0B-C3D02AB522AB}.DEPLOY|x64.Build.0 = Debug|Any CPU
		{816E8D05-C5EF-4FDD-BA0B-C3D02AB522AB}.DEPLOY|x86.ActiveCfg = Debug|Any CPU
		{816E8D05-C5EF-4FDD-BA0B-C3D02AB522AB}.DEPLOY|x86.Build.0 = Debug|Any CPU
		{816E8D05-C5EF-4FDD-BA0B-C3D02AB522AB}.INTCOREDeploy|Any CPU.ActiveCfg = Release|Any CPU
		{816E8D05-C5EF-4FDD-BA0B-C3D02AB522AB}.INTCOREDeploy|Any CPU.Build.0 = Release|Any CPU
		{816E8D05-C5EF-4FDD-BA0B-C3D02AB522AB}.INTCOREDeploy|x64.ActiveCfg = Release|Any CPU
		{816E8D05-C5EF-4FDD-BA0B-C3D02AB522AB}.INTCOREDeploy|x64.Build.0 = Release|Any CPU
		{816E8D05-C5EF-4FDD-BA0B-C3D02AB522AB}.INTCOREDeploy|x86.ActiveCfg = Release|Any CPU
		{816E8D05-C5EF-4FDD-BA0B-C3D02AB522AB}.INTCOREDeploy|x86.Build.0 = Release|Any CPU
		{816E8D05-C5EF-4FDD-BA0B-C3D02AB522AB}.Release|Any CPU.ActiveCfg = Release|Any CPU
		{816E8D05-C5EF-4FDD-BA0B-C3D02AB522AB}.Release|Any CPU.Build.0 = Release|Any CPU
		{816E8D05-C5EF-4FDD-BA0B-C3D02AB522AB}.Release|x64.ActiveCfg = Release|Any CPU
		{816E8D05-C5EF-4FDD-BA0B-C3D02AB522AB}.Release|x64.Build.0 = Release|Any CPU
		{816E8D05-C5EF-4FDD-BA0B-C3D02AB522AB}.Release|x86.ActiveCfg = Release|Any CPU
		{816E8D05-C5EF-4FDD-BA0B-C3D02AB522AB}.Release|x86.Build.0 = Release|Any CPU
		{816E8D05-C5EF-4FDD-BA0B-C3D02AB522AB}.Test|Any CPU.ActiveCfg = Release|Any CPU
		{816E8D05-C5EF-4FDD-BA0B-C3D02AB522AB}.Test|Any CPU.Build.0 = Release|Any CPU
		{816E8D05-C5EF-4FDD-BA0B-C3D02AB522AB}.Test|x64.ActiveCfg = Release|Any CPU
		{816E8D05-C5EF-4FDD-BA0B-C3D02AB522AB}.Test|x64.Build.0 = Release|Any CPU
		{816E8D05-C5EF-4FDD-BA0B-C3D02AB522AB}.Test|x86.ActiveCfg = Release|Any CPU
		{816E8D05-C5EF-4FDD-BA0B-C3D02AB522AB}.Test|x86.Build.0 = Release|Any CPU
		{3398D1EF-224D-4F3C-8F65-B6F19974B094}.Debug|Any CPU.ActiveCfg = Debug|Any CPU
		{3398D1EF-224D-4F3C-8F65-B6F19974B094}.Debug|Any CPU.Build.0 = Debug|Any CPU
		{3398D1EF-224D-4F3C-8F65-B6F19974B094}.Debug|x64.ActiveCfg = Debug|Any CPU
		{3398D1EF-224D-4F3C-8F65-B6F19974B094}.Debug|x64.Build.0 = Debug|Any CPU
		{3398D1EF-224D-4F3C-8F65-B6F19974B094}.Debug|x86.ActiveCfg = Debug|Any CPU
		{3398D1EF-224D-4F3C-8F65-B6F19974B094}.Debug|x86.Build.0 = Debug|Any CPU
		{3398D1EF-224D-4F3C-8F65-B6F19974B094}.DEPLOY|Any CPU.ActiveCfg = Debug|Any CPU
		{3398D1EF-224D-4F3C-8F65-B6F19974B094}.DEPLOY|Any CPU.Build.0 = Debug|Any CPU
		{3398D1EF-224D-4F3C-8F65-B6F19974B094}.DEPLOY|x64.ActiveCfg = Debug|Any CPU
		{3398D1EF-224D-4F3C-8F65-B6F19974B094}.DEPLOY|x64.Build.0 = Debug|Any CPU
		{3398D1EF-224D-4F3C-8F65-B6F19974B094}.DEPLOY|x86.ActiveCfg = Debug|Any CPU
		{3398D1EF-224D-4F3C-8F65-B6F19974B094}.DEPLOY|x86.Build.0 = Debug|Any CPU
		{3398D1EF-224D-4F3C-8F65-B6F19974B094}.INTCOREDeploy|Any CPU.ActiveCfg = Release|Any CPU
		{3398D1EF-224D-4F3C-8F65-B6F19974B094}.INTCOREDeploy|Any CPU.Build.0 = Release|Any CPU
		{3398D1EF-224D-4F3C-8F65-B6F19974B094}.INTCOREDeploy|x64.ActiveCfg = Release|Any CPU
		{3398D1EF-224D-4F3C-8F65-B6F19974B094}.INTCOREDeploy|x64.Build.0 = Release|Any CPU
		{3398D1EF-224D-4F3C-8F65-B6F19974B094}.INTCOREDeploy|x86.ActiveCfg = Release|Any CPU
		{3398D1EF-224D-4F3C-8F65-B6F19974B094}.INTCOREDeploy|x86.Build.0 = Release|Any CPU
		{3398D1EF-224D-4F3C-8F65-B6F19974B094}.Release|Any CPU.ActiveCfg = Release|Any CPU
		{3398D1EF-224D-4F3C-8F65-B6F19974B094}.Release|Any CPU.Build.0 = Release|Any CPU
		{3398D1EF-224D-4F3C-8F65-B6F19974B094}.Release|x64.ActiveCfg = Release|Any CPU
		{3398D1EF-224D-4F3C-8F65-B6F19974B094}.Release|x64.Build.0 = Release|Any CPU
		{3398D1EF-224D-4F3C-8F65-B6F19974B094}.Release|x86.ActiveCfg = Release|Any CPU
		{3398D1EF-224D-4F3C-8F65-B6F19974B094}.Release|x86.Build.0 = Release|Any CPU
		{3398D1EF-224D-4F3C-8F65-B6F19974B094}.Test|Any CPU.ActiveCfg = Release|Any CPU
		{3398D1EF-224D-4F3C-8F65-B6F19974B094}.Test|Any CPU.Build.0 = Release|Any CPU
		{3398D1EF-224D-4F3C-8F65-B6F19974B094}.Test|x64.ActiveCfg = Release|Any CPU
		{3398D1EF-224D-4F3C-8F65-B6F19974B094}.Test|x64.Build.0 = Release|Any CPU
		{3398D1EF-224D-4F3C-8F65-B6F19974B094}.Test|x86.ActiveCfg = Release|Any CPU
		{3398D1EF-224D-4F3C-8F65-B6F19974B094}.Test|x86.Build.0 = Release|Any CPU
		{1B4D2765-061E-4A61-AD78-61F40DDD9AFA}.Debug|Any CPU.ActiveCfg = Debug|Any CPU
		{1B4D2765-061E-4A61-AD78-61F40DDD9AFA}.Debug|Any CPU.Build.0 = Debug|Any CPU
		{1B4D2765-061E-4A61-AD78-61F40DDD9AFA}.Debug|x64.ActiveCfg = Debug|Any CPU
		{1B4D2765-061E-4A61-AD78-61F40DDD9AFA}.Debug|x64.Build.0 = Debug|Any CPU
		{1B4D2765-061E-4A61-AD78-61F40DDD9AFA}.Debug|x86.ActiveCfg = Debug|Any CPU
		{1B4D2765-061E-4A61-AD78-61F40DDD9AFA}.Debug|x86.Build.0 = Debug|Any CPU
		{1B4D2765-061E-4A61-AD78-61F40DDD9AFA}.DEPLOY|Any CPU.ActiveCfg = Debug|Any CPU
		{1B4D2765-061E-4A61-AD78-61F40DDD9AFA}.DEPLOY|Any CPU.Build.0 = Debug|Any CPU
		{1B4D2765-061E-4A61-AD78-61F40DDD9AFA}.DEPLOY|x64.ActiveCfg = Debug|Any CPU
		{1B4D2765-061E-4A61-AD78-61F40DDD9AFA}.DEPLOY|x64.Build.0 = Debug|Any CPU
		{1B4D2765-061E-4A61-AD78-61F40DDD9AFA}.DEPLOY|x86.ActiveCfg = Debug|Any CPU
		{1B4D2765-061E-4A61-AD78-61F40DDD9AFA}.DEPLOY|x86.Build.0 = Debug|Any CPU
		{1B4D2765-061E-4A61-AD78-61F40DDD9AFA}.INTCOREDeploy|Any CPU.ActiveCfg = Release|Any CPU
		{1B4D2765-061E-4A61-AD78-61F40DDD9AFA}.INTCOREDeploy|Any CPU.Build.0 = Release|Any CPU
		{1B4D2765-061E-4A61-AD78-61F40DDD9AFA}.INTCOREDeploy|x64.ActiveCfg = Release|Any CPU
		{1B4D2765-061E-4A61-AD78-61F40DDD9AFA}.INTCOREDeploy|x64.Build.0 = Release|Any CPU
		{1B4D2765-061E-4A61-AD78-61F40DDD9AFA}.INTCOREDeploy|x86.ActiveCfg = Release|Any CPU
		{1B4D2765-061E-4A61-AD78-61F40DDD9AFA}.INTCOREDeploy|x86.Build.0 = Release|Any CPU
		{1B4D2765-061E-4A61-AD78-61F40DDD9AFA}.Release|Any CPU.ActiveCfg = Release|Any CPU
		{1B4D2765-061E-4A61-AD78-61F40DDD9AFA}.Release|Any CPU.Build.0 = Release|Any CPU
		{1B4D2765-061E-4A61-AD78-61F40DDD9AFA}.Release|x64.ActiveCfg = Release|Any CPU
		{1B4D2765-061E-4A61-AD78-61F40DDD9AFA}.Release|x64.Build.0 = Release|Any CPU
		{1B4D2765-061E-4A61-AD78-61F40DDD9AFA}.Release|x86.ActiveCfg = Release|Any CPU
		{1B4D2765-061E-4A61-AD78-61F40DDD9AFA}.Release|x86.Build.0 = Release|Any CPU
		{1B4D2765-061E-4A61-AD78-61F40DDD9AFA}.Test|Any CPU.ActiveCfg = Release|Any CPU
		{1B4D2765-061E-4A61-AD78-61F40DDD9AFA}.Test|Any CPU.Build.0 = Release|Any CPU
		{1B4D2765-061E-4A61-AD78-61F40DDD9AFA}.Test|x64.ActiveCfg = Release|Any CPU
		{1B4D2765-061E-4A61-AD78-61F40DDD9AFA}.Test|x64.Build.0 = Release|Any CPU
		{1B4D2765-061E-4A61-AD78-61F40DDD9AFA}.Test|x86.ActiveCfg = Release|Any CPU
		{1B4D2765-061E-4A61-AD78-61F40DDD9AFA}.Test|x86.Build.0 = Release|Any CPU
		{800758E9-91C1-4219-902B-CA9EE6D74DC9}.Debug|Any CPU.ActiveCfg = Debug|Any CPU
		{800758E9-91C1-4219-902B-CA9EE6D74DC9}.Debug|Any CPU.Build.0 = Debug|Any CPU
		{800758E9-91C1-4219-902B-CA9EE6D74DC9}.Debug|x64.ActiveCfg = Debug|Any CPU
		{800758E9-91C1-4219-902B-CA9EE6D74DC9}.Debug|x64.Build.0 = Debug|Any CPU
		{800758E9-91C1-4219-902B-CA9EE6D74DC9}.Debug|x86.ActiveCfg = Debug|Any CPU
		{800758E9-91C1-4219-902B-CA9EE6D74DC9}.Debug|x86.Build.0 = Debug|Any CPU
		{800758E9-91C1-4219-902B-CA9EE6D74DC9}.DEPLOY|Any CPU.ActiveCfg = Debug|Any CPU
		{800758E9-91C1-4219-902B-CA9EE6D74DC9}.DEPLOY|Any CPU.Build.0 = Debug|Any CPU
		{800758E9-91C1-4219-902B-CA9EE6D74DC9}.DEPLOY|x64.ActiveCfg = Debug|Any CPU
		{800758E9-91C1-4219-902B-CA9EE6D74DC9}.DEPLOY|x64.Build.0 = Debug|Any CPU
		{800758E9-91C1-4219-902B-CA9EE6D74DC9}.DEPLOY|x86.ActiveCfg = Debug|Any CPU
		{800758E9-91C1-4219-902B-CA9EE6D74DC9}.DEPLOY|x86.Build.0 = Debug|Any CPU
		{800758E9-91C1-4219-902B-CA9EE6D74DC9}.INTCOREDeploy|Any CPU.ActiveCfg = Release|Any CPU
		{800758E9-91C1-4219-902B-CA9EE6D74DC9}.INTCOREDeploy|Any CPU.Build.0 = Release|Any CPU
		{800758E9-91C1-4219-902B-CA9EE6D74DC9}.INTCOREDeploy|x64.ActiveCfg = Release|Any CPU
		{800758E9-91C1-4219-902B-CA9EE6D74DC9}.INTCOREDeploy|x64.Build.0 = Release|Any CPU
		{800758E9-91C1-4219-902B-CA9EE6D74DC9}.INTCOREDeploy|x86.ActiveCfg = Release|Any CPU
		{800758E9-91C1-4219-902B-CA9EE6D74DC9}.INTCOREDeploy|x86.Build.0 = Release|Any CPU
		{800758E9-91C1-4219-902B-CA9EE6D74DC9}.Release|Any CPU.ActiveCfg = Release|Any CPU
		{800758E9-91C1-4219-902B-CA9EE6D74DC9}.Release|Any CPU.Build.0 = Release|Any CPU
		{800758E9-91C1-4219-902B-CA9EE6D74DC9}.Release|x64.ActiveCfg = Release|Any CPU
		{800758E9-91C1-4219-902B-CA9EE6D74DC9}.Release|x64.Build.0 = Release|Any CPU
		{800758E9-91C1-4219-902B-CA9EE6D74DC9}.Release|x86.ActiveCfg = Release|Any CPU
		{800758E9-91C1-4219-902B-CA9EE6D74DC9}.Release|x86.Build.0 = Release|Any CPU
		{800758E9-91C1-4219-902B-CA9EE6D74DC9}.Test|Any CPU.ActiveCfg = Release|Any CPU
		{800758E9-91C1-4219-902B-CA9EE6D74DC9}.Test|Any CPU.Build.0 = Release|Any CPU
		{800758E9-91C1-4219-902B-CA9EE6D74DC9}.Test|x64.ActiveCfg = Release|Any CPU
		{800758E9-91C1-4219-902B-CA9EE6D74DC9}.Test|x64.Build.0 = Release|Any CPU
		{800758E9-91C1-4219-902B-CA9EE6D74DC9}.Test|x86.ActiveCfg = Release|Any CPU
		{800758E9-91C1-4219-902B-CA9EE6D74DC9}.Test|x86.Build.0 = Release|Any CPU
		{90AE0A25-C570-4B3F-9939-32EC1CB1FC12}.Debug|Any CPU.ActiveCfg = Debug|Any CPU
		{90AE0A25-C570-4B3F-9939-32EC1CB1FC12}.Debug|Any CPU.Build.0 = Debug|Any CPU
		{90AE0A25-C570-4B3F-9939-32EC1CB1FC12}.Debug|x64.ActiveCfg = Debug|Any CPU
		{90AE0A25-C570-4B3F-9939-32EC1CB1FC12}.Debug|x64.Build.0 = Debug|Any CPU
		{90AE0A25-C570-4B3F-9939-32EC1CB1FC12}.Debug|x86.ActiveCfg = Debug|Any CPU
		{90AE0A25-C570-4B3F-9939-32EC1CB1FC12}.Debug|x86.Build.0 = Debug|Any CPU
		{90AE0A25-C570-4B3F-9939-32EC1CB1FC12}.DEPLOY|Any CPU.ActiveCfg = Debug|Any CPU
		{90AE0A25-C570-4B3F-9939-32EC1CB1FC12}.DEPLOY|Any CPU.Build.0 = Debug|Any CPU
		{90AE0A25-C570-4B3F-9939-32EC1CB1FC12}.DEPLOY|x64.ActiveCfg = Debug|Any CPU
		{90AE0A25-C570-4B3F-9939-32EC1CB1FC12}.DEPLOY|x64.Build.0 = Debug|Any CPU
		{90AE0A25-C570-4B3F-9939-32EC1CB1FC12}.DEPLOY|x86.ActiveCfg = Debug|Any CPU
		{90AE0A25-C570-4B3F-9939-32EC1CB1FC12}.DEPLOY|x86.Build.0 = Debug|Any CPU
		{90AE0A25-C570-4B3F-9939-32EC1CB1FC12}.INTCOREDeploy|Any CPU.ActiveCfg = Release|Any CPU
		{90AE0A25-C570-4B3F-9939-32EC1CB1FC12}.INTCOREDeploy|Any CPU.Build.0 = Release|Any CPU
		{90AE0A25-C570-4B3F-9939-32EC1CB1FC12}.INTCOREDeploy|x64.ActiveCfg = Release|Any CPU
		{90AE0A25-C570-4B3F-9939-32EC1CB1FC12}.INTCOREDeploy|x64.Build.0 = Release|Any CPU
		{90AE0A25-C570-4B3F-9939-32EC1CB1FC12}.INTCOREDeploy|x86.ActiveCfg = Release|Any CPU
		{90AE0A25-C570-4B3F-9939-32EC1CB1FC12}.INTCOREDeploy|x86.Build.0 = Release|Any CPU
		{90AE0A25-C570-4B3F-9939-32EC1CB1FC12}.Release|Any CPU.ActiveCfg = Release|Any CPU
		{90AE0A25-C570-4B3F-9939-32EC1CB1FC12}.Release|Any CPU.Build.0 = Release|Any CPU
		{90AE0A25-C570-4B3F-9939-32EC1CB1FC12}.Release|x64.ActiveCfg = Release|Any CPU
		{90AE0A25-C570-4B3F-9939-32EC1CB1FC12}.Release|x64.Build.0 = Release|Any CPU
		{90AE0A25-C570-4B3F-9939-32EC1CB1FC12}.Release|x86.ActiveCfg = Release|Any CPU
		{90AE0A25-C570-4B3F-9939-32EC1CB1FC12}.Release|x86.Build.0 = Release|Any CPU
		{90AE0A25-C570-4B3F-9939-32EC1CB1FC12}.Test|Any CPU.ActiveCfg = Release|Any CPU
		{90AE0A25-C570-4B3F-9939-32EC1CB1FC12}.Test|Any CPU.Build.0 = Release|Any CPU
		{90AE0A25-C570-4B3F-9939-32EC1CB1FC12}.Test|x64.ActiveCfg = Release|Any CPU
		{90AE0A25-C570-4B3F-9939-32EC1CB1FC12}.Test|x64.Build.0 = Release|Any CPU
		{90AE0A25-C570-4B3F-9939-32EC1CB1FC12}.Test|x86.ActiveCfg = Release|Any CPU
		{90AE0A25-C570-4B3F-9939-32EC1CB1FC12}.Test|x86.Build.0 = Release|Any CPU
		{DF06B4F0-7BD9-4288-AB48-9589F27C3536}.Debug|Any CPU.ActiveCfg = Debug|Any CPU
		{DF06B4F0-7BD9-4288-AB48-9589F27C3536}.Debug|Any CPU.Build.0 = Debug|Any CPU
		{DF06B4F0-7BD9-4288-AB48-9589F27C3536}.Debug|x64.ActiveCfg = Debug|Any CPU
		{DF06B4F0-7BD9-4288-AB48-9589F27C3536}.Debug|x64.Build.0 = Debug|Any CPU
		{DF06B4F0-7BD9-4288-AB48-9589F27C3536}.Debug|x86.ActiveCfg = Debug|Any CPU
		{DF06B4F0-7BD9-4288-AB48-9589F27C3536}.Debug|x86.Build.0 = Debug|Any CPU
		{DF06B4F0-7BD9-4288-AB48-9589F27C3536}.DEPLOY|Any CPU.ActiveCfg = Debug|Any CPU
		{DF06B4F0-7BD9-4288-AB48-9589F27C3536}.DEPLOY|Any CPU.Build.0 = Debug|Any CPU
		{DF06B4F0-7BD9-4288-AB48-9589F27C3536}.DEPLOY|x64.ActiveCfg = Debug|Any CPU
		{DF06B4F0-7BD9-4288-AB48-9589F27C3536}.DEPLOY|x64.Build.0 = Debug|Any CPU
		{DF06B4F0-7BD9-4288-AB48-9589F27C3536}.DEPLOY|x86.ActiveCfg = Debug|Any CPU
		{DF06B4F0-7BD9-4288-AB48-9589F27C3536}.DEPLOY|x86.Build.0 = Debug|Any CPU
		{DF06B4F0-7BD9-4288-AB48-9589F27C3536}.INTCOREDeploy|Any CPU.ActiveCfg = Release|Any CPU
		{DF06B4F0-7BD9-4288-AB48-9589F27C3536}.INTCOREDeploy|Any CPU.Build.0 = Release|Any CPU
		{DF06B4F0-7BD9-4288-AB48-9589F27C3536}.INTCOREDeploy|x64.ActiveCfg = Release|Any CPU
		{DF06B4F0-7BD9-4288-AB48-9589F27C3536}.INTCOREDeploy|x64.Build.0 = Release|Any CPU
		{DF06B4F0-7BD9-4288-AB48-9589F27C3536}.INTCOREDeploy|x86.ActiveCfg = Release|Any CPU
		{DF06B4F0-7BD9-4288-AB48-9589F27C3536}.INTCOREDeploy|x86.Build.0 = Release|Any CPU
		{DF06B4F0-7BD9-4288-AB48-9589F27C3536}.Release|Any CPU.ActiveCfg = Release|Any CPU
		{DF06B4F0-7BD9-4288-AB48-9589F27C3536}.Release|Any CPU.Build.0 = Release|Any CPU
		{DF06B4F0-7BD9-4288-AB48-9589F27C3536}.Release|x64.ActiveCfg = Release|Any CPU
		{DF06B4F0-7BD9-4288-AB48-9589F27C3536}.Release|x64.Build.0 = Release|Any CPU
		{DF06B4F0-7BD9-4288-AB48-9589F27C3536}.Release|x86.ActiveCfg = Release|Any CPU
		{DF06B4F0-7BD9-4288-AB48-9589F27C3536}.Release|x86.Build.0 = Release|Any CPU
		{DF06B4F0-7BD9-4288-AB48-9589F27C3536}.Test|Any CPU.ActiveCfg = Release|Any CPU
		{DF06B4F0-7BD9-4288-AB48-9589F27C3536}.Test|Any CPU.Build.0 = Release|Any CPU
		{DF06B4F0-7BD9-4288-AB48-9589F27C3536}.Test|x64.ActiveCfg = Release|Any CPU
		{DF06B4F0-7BD9-4288-AB48-9589F27C3536}.Test|x64.Build.0 = Release|Any CPU
		{DF06B4F0-7BD9-4288-AB48-9589F27C3536}.Test|x86.ActiveCfg = Release|Any CPU
		{DF06B4F0-7BD9-4288-AB48-9589F27C3536}.Test|x86.Build.0 = Release|Any CPU
		{A7E0A582-7177-4594-976F-722CB7AD6D05}.Debug|Any CPU.ActiveCfg = Debug|Any CPU
		{A7E0A582-7177-4594-976F-722CB7AD6D05}.Debug|Any CPU.Build.0 = Debug|Any CPU
		{A7E0A582-7177-4594-976F-722CB7AD6D05}.Debug|x64.ActiveCfg = Debug|Any CPU
		{A7E0A582-7177-4594-976F-722CB7AD6D05}.Debug|x64.Build.0 = Debug|Any CPU
		{A7E0A582-7177-4594-976F-722CB7AD6D05}.Debug|x86.ActiveCfg = Debug|Any CPU
		{A7E0A582-7177-4594-976F-722CB7AD6D05}.Debug|x86.Build.0 = Debug|Any CPU
		{A7E0A582-7177-4594-976F-722CB7AD6D05}.DEPLOY|Any CPU.ActiveCfg = Debug|Any CPU
		{A7E0A582-7177-4594-976F-722CB7AD6D05}.DEPLOY|Any CPU.Build.0 = Debug|Any CPU
		{A7E0A582-7177-4594-976F-722CB7AD6D05}.DEPLOY|x64.ActiveCfg = Debug|Any CPU
		{A7E0A582-7177-4594-976F-722CB7AD6D05}.DEPLOY|x64.Build.0 = Debug|Any CPU
		{A7E0A582-7177-4594-976F-722CB7AD6D05}.DEPLOY|x86.ActiveCfg = Debug|Any CPU
		{A7E0A582-7177-4594-976F-722CB7AD6D05}.DEPLOY|x86.Build.0 = Debug|Any CPU
		{A7E0A582-7177-4594-976F-722CB7AD6D05}.INTCOREDeploy|Any CPU.ActiveCfg = Release|Any CPU
		{A7E0A582-7177-4594-976F-722CB7AD6D05}.INTCOREDeploy|Any CPU.Build.0 = Release|Any CPU
		{A7E0A582-7177-4594-976F-722CB7AD6D05}.INTCOREDeploy|x64.ActiveCfg = Release|Any CPU
		{A7E0A582-7177-4594-976F-722CB7AD6D05}.INTCOREDeploy|x64.Build.0 = Release|Any CPU
		{A7E0A582-7177-4594-976F-722CB7AD6D05}.INTCOREDeploy|x86.ActiveCfg = Release|Any CPU
		{A7E0A582-7177-4594-976F-722CB7AD6D05}.INTCOREDeploy|x86.Build.0 = Release|Any CPU
		{A7E0A582-7177-4594-976F-722CB7AD6D05}.Release|Any CPU.ActiveCfg = Release|Any CPU
		{A7E0A582-7177-4594-976F-722CB7AD6D05}.Release|Any CPU.Build.0 = Release|Any CPU
		{A7E0A582-7177-4594-976F-722CB7AD6D05}.Release|x64.ActiveCfg = Release|Any CPU
		{A7E0A582-7177-4594-976F-722CB7AD6D05}.Release|x64.Build.0 = Release|Any CPU
		{A7E0A582-7177-4594-976F-722CB7AD6D05}.Release|x86.ActiveCfg = Release|Any CPU
		{A7E0A582-7177-4594-976F-722CB7AD6D05}.Release|x86.Build.0 = Release|Any CPU
		{A7E0A582-7177-4594-976F-722CB7AD6D05}.Test|Any CPU.ActiveCfg = Release|Any CPU
		{A7E0A582-7177-4594-976F-722CB7AD6D05}.Test|Any CPU.Build.0 = Release|Any CPU
		{A7E0A582-7177-4594-976F-722CB7AD6D05}.Test|x64.ActiveCfg = Release|Any CPU
		{A7E0A582-7177-4594-976F-722CB7AD6D05}.Test|x64.Build.0 = Release|Any CPU
		{A7E0A582-7177-4594-976F-722CB7AD6D05}.Test|x86.ActiveCfg = Release|Any CPU
		{A7E0A582-7177-4594-976F-722CB7AD6D05}.Test|x86.Build.0 = Release|Any CPU
		{085851CB-3C67-4525-B194-7BF5B449479A}.Debug|Any CPU.ActiveCfg = Debug|Any CPU
		{085851CB-3C67-4525-B194-7BF5B449479A}.Debug|Any CPU.Build.0 = Debug|Any CPU
		{085851CB-3C67-4525-B194-7BF5B449479A}.Debug|x64.ActiveCfg = Debug|Any CPU
		{085851CB-3C67-4525-B194-7BF5B449479A}.Debug|x64.Build.0 = Debug|Any CPU
		{085851CB-3C67-4525-B194-7BF5B449479A}.Debug|x86.ActiveCfg = Debug|Any CPU
		{085851CB-3C67-4525-B194-7BF5B449479A}.Debug|x86.Build.0 = Debug|Any CPU
		{085851CB-3C67-4525-B194-7BF5B449479A}.DEPLOY|Any CPU.ActiveCfg = Debug|Any CPU
		{085851CB-3C67-4525-B194-7BF5B449479A}.DEPLOY|Any CPU.Build.0 = Debug|Any CPU
		{085851CB-3C67-4525-B194-7BF5B449479A}.DEPLOY|x64.ActiveCfg = Debug|Any CPU
		{085851CB-3C67-4525-B194-7BF5B449479A}.DEPLOY|x64.Build.0 = Debug|Any CPU
		{085851CB-3C67-4525-B194-7BF5B449479A}.DEPLOY|x86.ActiveCfg = Debug|Any CPU
		{085851CB-3C67-4525-B194-7BF5B449479A}.DEPLOY|x86.Build.0 = Debug|Any CPU
		{085851CB-3C67-4525-B194-7BF5B449479A}.INTCOREDeploy|Any CPU.ActiveCfg = Release|Any CPU
		{085851CB-3C67-4525-B194-7BF5B449479A}.INTCOREDeploy|Any CPU.Build.0 = Release|Any CPU
		{085851CB-3C67-4525-B194-7BF5B449479A}.INTCOREDeploy|x64.ActiveCfg = Release|Any CPU
		{085851CB-3C67-4525-B194-7BF5B449479A}.INTCOREDeploy|x64.Build.0 = Release|Any CPU
		{085851CB-3C67-4525-B194-7BF5B449479A}.INTCOREDeploy|x86.ActiveCfg = Release|Any CPU
		{085851CB-3C67-4525-B194-7BF5B449479A}.INTCOREDeploy|x86.Build.0 = Release|Any CPU
		{085851CB-3C67-4525-B194-7BF5B449479A}.Release|Any CPU.ActiveCfg = Release|Any CPU
		{085851CB-3C67-4525-B194-7BF5B449479A}.Release|Any CPU.Build.0 = Release|Any CPU
		{085851CB-3C67-4525-B194-7BF5B449479A}.Release|x64.ActiveCfg = Release|Any CPU
		{085851CB-3C67-4525-B194-7BF5B449479A}.Release|x64.Build.0 = Release|Any CPU
		{085851CB-3C67-4525-B194-7BF5B449479A}.Release|x86.ActiveCfg = Release|Any CPU
		{085851CB-3C67-4525-B194-7BF5B449479A}.Release|x86.Build.0 = Release|Any CPU
		{085851CB-3C67-4525-B194-7BF5B449479A}.Test|Any CPU.ActiveCfg = Release|Any CPU
		{085851CB-3C67-4525-B194-7BF5B449479A}.Test|Any CPU.Build.0 = Release|Any CPU
		{085851CB-3C67-4525-B194-7BF5B449479A}.Test|x64.ActiveCfg = Release|Any CPU
		{085851CB-3C67-4525-B194-7BF5B449479A}.Test|x64.Build.0 = Release|Any CPU
		{085851CB-3C67-4525-B194-7BF5B449479A}.Test|x86.ActiveCfg = Release|Any CPU
		{085851CB-3C67-4525-B194-7BF5B449479A}.Test|x86.Build.0 = Release|Any CPU
		{AA127BE4-CABD-4DD9-9662-B652B5C4DB44}.Debug|Any CPU.ActiveCfg = Debug|Any CPU
		{AA127BE4-CABD-4DD9-9662-B652B5C4DB44}.Debug|Any CPU.Build.0 = Debug|Any CPU
		{AA127BE4-CABD-4DD9-9662-B652B5C4DB44}.Debug|x64.ActiveCfg = Debug|Any CPU
		{AA127BE4-CABD-4DD9-9662-B652B5C4DB44}.Debug|x64.Build.0 = Debug|Any CPU
		{AA127BE4-CABD-4DD9-9662-B652B5C4DB44}.Debug|x86.ActiveCfg = Debug|Any CPU
		{AA127BE4-CABD-4DD9-9662-B652B5C4DB44}.Debug|x86.Build.0 = Debug|Any CPU
		{AA127BE4-CABD-4DD9-9662-B652B5C4DB44}.DEPLOY|Any CPU.ActiveCfg = Debug|Any CPU
		{AA127BE4-CABD-4DD9-9662-B652B5C4DB44}.DEPLOY|Any CPU.Build.0 = Debug|Any CPU
		{AA127BE4-CABD-4DD9-9662-B652B5C4DB44}.DEPLOY|x64.ActiveCfg = Debug|Any CPU
		{AA127BE4-CABD-4DD9-9662-B652B5C4DB44}.DEPLOY|x64.Build.0 = Debug|Any CPU
		{AA127BE4-CABD-4DD9-9662-B652B5C4DB44}.DEPLOY|x86.ActiveCfg = Debug|Any CPU
		{AA127BE4-CABD-4DD9-9662-B652B5C4DB44}.DEPLOY|x86.Build.0 = Debug|Any CPU
		{AA127BE4-CABD-4DD9-9662-B652B5C4DB44}.INTCOREDeploy|Any CPU.ActiveCfg = Release|Any CPU
		{AA127BE4-CABD-4DD9-9662-B652B5C4DB44}.INTCOREDeploy|Any CPU.Build.0 = Release|Any CPU
		{AA127BE4-CABD-4DD9-9662-B652B5C4DB44}.INTCOREDeploy|x64.ActiveCfg = Release|Any CPU
		{AA127BE4-CABD-4DD9-9662-B652B5C4DB44}.INTCOREDeploy|x64.Build.0 = Release|Any CPU
		{AA127BE4-CABD-4DD9-9662-B652B5C4DB44}.INTCOREDeploy|x86.ActiveCfg = Release|Any CPU
		{AA127BE4-CABD-4DD9-9662-B652B5C4DB44}.INTCOREDeploy|x86.Build.0 = Release|Any CPU
		{AA127BE4-CABD-4DD9-9662-B652B5C4DB44}.Release|Any CPU.ActiveCfg = Release|Any CPU
		{AA127BE4-CABD-4DD9-9662-B652B5C4DB44}.Release|Any CPU.Build.0 = Release|Any CPU
		{AA127BE4-CABD-4DD9-9662-B652B5C4DB44}.Release|x64.ActiveCfg = Release|Any CPU
		{AA127BE4-CABD-4DD9-9662-B652B5C4DB44}.Release|x64.Build.0 = Release|Any CPU
		{AA127BE4-CABD-4DD9-9662-B652B5C4DB44}.Release|x86.ActiveCfg = Release|Any CPU
		{AA127BE4-CABD-4DD9-9662-B652B5C4DB44}.Release|x86.Build.0 = Release|Any CPU
		{AA127BE4-CABD-4DD9-9662-B652B5C4DB44}.Test|Any CPU.ActiveCfg = Release|Any CPU
		{AA127BE4-CABD-4DD9-9662-B652B5C4DB44}.Test|Any CPU.Build.0 = Release|Any CPU
		{AA127BE4-CABD-4DD9-9662-B652B5C4DB44}.Test|x64.ActiveCfg = Release|Any CPU
		{AA127BE4-CABD-4DD9-9662-B652B5C4DB44}.Test|x64.Build.0 = Release|Any CPU
		{AA127BE4-CABD-4DD9-9662-B652B5C4DB44}.Test|x86.ActiveCfg = Release|Any CPU
		{AA127BE4-CABD-4DD9-9662-B652B5C4DB44}.Test|x86.Build.0 = Release|Any CPU
		{A9938DAE-65D0-46C6-B7FE-4BF2B7B61BD3}.Debug|Any CPU.ActiveCfg = Debug|Any CPU
		{A9938DAE-65D0-46C6-B7FE-4BF2B7B61BD3}.Debug|Any CPU.Build.0 = Debug|Any CPU
		{A9938DAE-65D0-46C6-B7FE-4BF2B7B61BD3}.Debug|x64.ActiveCfg = Debug|Any CPU
		{A9938DAE-65D0-46C6-B7FE-4BF2B7B61BD3}.Debug|x64.Build.0 = Debug|Any CPU
		{A9938DAE-65D0-46C6-B7FE-4BF2B7B61BD3}.Debug|x86.ActiveCfg = Debug|Any CPU
		{A9938DAE-65D0-46C6-B7FE-4BF2B7B61BD3}.Debug|x86.Build.0 = Debug|Any CPU
		{A9938DAE-65D0-46C6-B7FE-4BF2B7B61BD3}.DEPLOY|Any CPU.ActiveCfg = Debug|Any CPU
		{A9938DAE-65D0-46C6-B7FE-4BF2B7B61BD3}.DEPLOY|Any CPU.Build.0 = Debug|Any CPU
		{A9938DAE-65D0-46C6-B7FE-4BF2B7B61BD3}.DEPLOY|x64.ActiveCfg = Debug|Any CPU
		{A9938DAE-65D0-46C6-B7FE-4BF2B7B61BD3}.DEPLOY|x64.Build.0 = Debug|Any CPU
		{A9938DAE-65D0-46C6-B7FE-4BF2B7B61BD3}.DEPLOY|x86.ActiveCfg = Debug|Any CPU
		{A9938DAE-65D0-46C6-B7FE-4BF2B7B61BD3}.DEPLOY|x86.Build.0 = Debug|Any CPU
		{A9938DAE-65D0-46C6-B7FE-4BF2B7B61BD3}.INTCOREDeploy|Any CPU.ActiveCfg = Release|Any CPU
		{A9938DAE-65D0-46C6-B7FE-4BF2B7B61BD3}.INTCOREDeploy|Any CPU.Build.0 = Release|Any CPU
		{A9938DAE-65D0-46C6-B7FE-4BF2B7B61BD3}.INTCOREDeploy|x64.ActiveCfg = Release|Any CPU
		{A9938DAE-65D0-46C6-B7FE-4BF2B7B61BD3}.INTCOREDeploy|x64.Build.0 = Release|Any CPU
		{A9938DAE-65D0-46C6-B7FE-4BF2B7B61BD3}.INTCOREDeploy|x86.ActiveCfg = Release|Any CPU
		{A9938DAE-65D0-46C6-B7FE-4BF2B7B61BD3}.INTCOREDeploy|x86.Build.0 = Release|Any CPU
		{A9938DAE-65D0-46C6-B7FE-4BF2B7B61BD3}.Release|Any CPU.ActiveCfg = Release|Any CPU
		{A9938DAE-65D0-46C6-B7FE-4BF2B7B61BD3}.Release|Any CPU.Build.0 = Release|Any CPU
		{A9938DAE-65D0-46C6-B7FE-4BF2B7B61BD3}.Release|x64.ActiveCfg = Release|Any CPU
		{A9938DAE-65D0-46C6-B7FE-4BF2B7B61BD3}.Release|x64.Build.0 = Release|Any CPU
		{A9938DAE-65D0-46C6-B7FE-4BF2B7B61BD3}.Release|x86.ActiveCfg = Release|Any CPU
		{A9938DAE-65D0-46C6-B7FE-4BF2B7B61BD3}.Release|x86.Build.0 = Release|Any CPU
		{A9938DAE-65D0-46C6-B7FE-4BF2B7B61BD3}.Test|Any CPU.ActiveCfg = Release|Any CPU
		{A9938DAE-65D0-46C6-B7FE-4BF2B7B61BD3}.Test|Any CPU.Build.0 = Release|Any CPU
		{A9938DAE-65D0-46C6-B7FE-4BF2B7B61BD3}.Test|x64.ActiveCfg = Release|Any CPU
		{A9938DAE-65D0-46C6-B7FE-4BF2B7B61BD3}.Test|x64.Build.0 = Release|Any CPU
		{A9938DAE-65D0-46C6-B7FE-4BF2B7B61BD3}.Test|x86.ActiveCfg = Release|Any CPU
		{A9938DAE-65D0-46C6-B7FE-4BF2B7B61BD3}.Test|x86.Build.0 = Release|Any CPU
		{FD2EC7D4-4316-4F8F-8108-8381F0B4B340}.Debug|Any CPU.ActiveCfg = Debug|Any CPU
		{FD2EC7D4-4316-4F8F-8108-8381F0B4B340}.Debug|Any CPU.Build.0 = Debug|Any CPU
		{FD2EC7D4-4316-4F8F-8108-8381F0B4B340}.Debug|x64.ActiveCfg = Debug|Any CPU
		{FD2EC7D4-4316-4F8F-8108-8381F0B4B340}.Debug|x64.Build.0 = Debug|Any CPU
		{FD2EC7D4-4316-4F8F-8108-8381F0B4B340}.Debug|x86.ActiveCfg = Debug|Any CPU
		{FD2EC7D4-4316-4F8F-8108-8381F0B4B340}.Debug|x86.Build.0 = Debug|Any CPU
		{FD2EC7D4-4316-4F8F-8108-8381F0B4B340}.DEPLOY|Any CPU.ActiveCfg = Debug|Any CPU
		{FD2EC7D4-4316-4F8F-8108-8381F0B4B340}.DEPLOY|Any CPU.Build.0 = Debug|Any CPU
		{FD2EC7D4-4316-4F8F-8108-8381F0B4B340}.DEPLOY|x64.ActiveCfg = Debug|Any CPU
		{FD2EC7D4-4316-4F8F-8108-8381F0B4B340}.DEPLOY|x64.Build.0 = Debug|Any CPU
		{FD2EC7D4-4316-4F8F-8108-8381F0B4B340}.DEPLOY|x86.ActiveCfg = Debug|Any CPU
		{FD2EC7D4-4316-4F8F-8108-8381F0B4B340}.DEPLOY|x86.Build.0 = Debug|Any CPU
		{FD2EC7D4-4316-4F8F-8108-8381F0B4B340}.INTCOREDeploy|Any CPU.ActiveCfg = Release|Any CPU
		{FD2EC7D4-4316-4F8F-8108-8381F0B4B340}.INTCOREDeploy|Any CPU.Build.0 = Release|Any CPU
		{FD2EC7D4-4316-4F8F-8108-8381F0B4B340}.INTCOREDeploy|x64.ActiveCfg = Release|Any CPU
		{FD2EC7D4-4316-4F8F-8108-8381F0B4B340}.INTCOREDeploy|x64.Build.0 = Release|Any CPU
		{FD2EC7D4-4316-4F8F-8108-8381F0B4B340}.INTCOREDeploy|x86.ActiveCfg = Release|Any CPU
		{FD2EC7D4-4316-4F8F-8108-8381F0B4B340}.INTCOREDeploy|x86.Build.0 = Release|Any CPU
		{FD2EC7D4-4316-4F8F-8108-8381F0B4B340}.Release|Any CPU.ActiveCfg = Release|Any CPU
		{FD2EC7D4-4316-4F8F-8108-8381F0B4B340}.Release|Any CPU.Build.0 = Release|Any CPU
		{FD2EC7D4-4316-4F8F-8108-8381F0B4B340}.Release|x64.ActiveCfg = Release|Any CPU
		{FD2EC7D4-4316-4F8F-8108-8381F0B4B340}.Release|x64.Build.0 = Release|Any CPU
		{FD2EC7D4-4316-4F8F-8108-8381F0B4B340}.Release|x86.ActiveCfg = Release|Any CPU
		{FD2EC7D4-4316-4F8F-8108-8381F0B4B340}.Release|x86.Build.0 = Release|Any CPU
		{FD2EC7D4-4316-4F8F-8108-8381F0B4B340}.Test|Any CPU.ActiveCfg = Release|Any CPU
		{FD2EC7D4-4316-4F8F-8108-8381F0B4B340}.Test|Any CPU.Build.0 = Release|Any CPU
		{FD2EC7D4-4316-4F8F-8108-8381F0B4B340}.Test|x64.ActiveCfg = Release|Any CPU
		{FD2EC7D4-4316-4F8F-8108-8381F0B4B340}.Test|x64.Build.0 = Release|Any CPU
		{FD2EC7D4-4316-4F8F-8108-8381F0B4B340}.Test|x86.ActiveCfg = Release|Any CPU
		{FD2EC7D4-4316-4F8F-8108-8381F0B4B340}.Test|x86.Build.0 = Release|Any CPU
	EndGlobalSection
	GlobalSection(SolutionProperties) = preSolution
		HideSolutionNode = FALSE
	EndGlobalSection
	GlobalSection(NestedProjects) = preSolution
		{725A8FAB-3DC9-4548-8E46-91B93A777417} = {36B7D3EC-3A56-425E-AA41-0E1DD455CE35}
		{4307C5BE-68B6-419F-BDA8-596C26553409} = {725A8FAB-3DC9-4548-8E46-91B93A777417}
		{E03771FC-E68F-4DFE-AD42-0D5A40BA8F78} = {725A8FAB-3DC9-4548-8E46-91B93A777417}
		{20632708-4348-443B-BDB4-7A71EAFA0851} = {36B7D3EC-3A56-425E-AA41-0E1DD455CE35}
		{02FEFC04-2072-4693-A81F-4E91AF86264C} = {36B7D3EC-3A56-425E-AA41-0E1DD455CE35}
		{5537708F-AEA1-4DDA-9844-52933DA2BE98} = {36B7D3EC-3A56-425E-AA41-0E1DD455CE35}
		{F57EA10A-7C4B-4234-A800-8839B0A95210} = {36B7D3EC-3A56-425E-AA41-0E1DD455CE35}
		{78138A19-69BE-459F-A52F-50266E00A974} = {36B7D3EC-3A56-425E-AA41-0E1DD455CE35}
		{7B8B909A-D230-4E17-953D-F245C4023E9B} = {36B7D3EC-3A56-425E-AA41-0E1DD455CE35}
		{D472C0BC-C54E-41E1-B177-E5E7D6A3627B} = {C38DE512-E548-4E8F-820D-F6324DF90C9D}
		{6953887D-D0B8-4D56-A0B2-D53FB67656C7} = {C38DE512-E548-4E8F-820D-F6324DF90C9D}
		{0394CBD4-6C2B-4C7B-B6C5-0F65B7423AFA} = {C38DE512-E548-4E8F-820D-F6324DF90C9D}
		{865D17E2-164E-4F32-B510-CA9BD0F30CD0} = {C38DE512-E548-4E8F-820D-F6324DF90C9D}
		{40D4A8D4-7E26-4055-8575-E8336DE6EA92} = {C38DE512-E548-4E8F-820D-F6324DF90C9D}
		{0C5065C1-7183-4FF1-8DC3-992B114F3688} = {C38DE512-E548-4E8F-820D-F6324DF90C9D}
		{EF99FDBC-3314-4421-A436-FD51DC098F6E} = {4307C5BE-68B6-419F-BDA8-596C26553409}
		{5600E726-2285-4A4A-956B-6C4D3EACF356} = {E03771FC-E68F-4DFE-AD42-0D5A40BA8F78}
		{2DA81CCF-CC30-44D2-8F48-46EF922ADE34} = {E03771FC-E68F-4DFE-AD42-0D5A40BA8F78}
		{F6161C83-9E0E-4930-88B2-C5B3650163E5} = {E03771FC-E68F-4DFE-AD42-0D5A40BA8F78}
		{52CE08A1-7185-4BB6-839A-65E15A9BE5AE} = {20632708-4348-443B-BDB4-7A71EAFA0851}
		{48A61520-332C-4E41-BF6B-25BD0F53D46A} = {20632708-4348-443B-BDB4-7A71EAFA0851}
		{D8539D57-8898-4C5A-BF0B-5227DCD1AB5A} = {20632708-4348-443B-BDB4-7A71EAFA0851}
		{24AC7289-392C-41F0-857C-8F5C39BFC363} = {F57EA10A-7C4B-4234-A800-8839B0A95210}
		{7C87699B-183A-4F66-B93A-C747F1C6F8F5} = {7B8B909A-D230-4E17-953D-F245C4023E9B}
		{79520E41-C86F-49BA-B129-EC3E00EC4548} = {D472C0BC-C54E-41E1-B177-E5E7D6A3627B}
		{E68ABE8D-B387-4E97-BC88-E756286CB270} = {6953887D-D0B8-4D56-A0B2-D53FB67656C7}
		{B9B44E31-293A-491C-8E2D-72BD5FA417C0} = {0394CBD4-6C2B-4C7B-B6C5-0F65B7423AFA}
		{136181D0-EC4A-4773-AB06-D2A43EFFA12C} = {865D17E2-164E-4F32-B510-CA9BD0F30CD0}
		{25CB321E-1A01-456D-84F1-0DEEE4E9554A} = {40D4A8D4-7E26-4055-8575-E8336DE6EA92}
		{6B3F797A-A7F3-44BB-A2DC-3F3DF6E0E158} = {0C5065C1-7183-4FF1-8DC3-992B114F3688}
		{5164E5C0-97EB-4409-BCF0-DBB0509B8FB3} = {5537708F-AEA1-4DDA-9844-52933DA2BE98}
		{4AA730B4-1C59-479E-B214-9282C1E33A18} = {C38DE512-E548-4E8F-820D-F6324DF90C9D}
		{9D70E5D8-4429-405A-A26C-6FE18528770F} = {4AA730B4-1C59-479E-B214-9282C1E33A18}
		{8E8E2F42-8EC0-4942-A34A-95C28313DE43} = {78138A19-69BE-459F-A52F-50266E00A974}
		{E990A2F7-71A1-433B-A62D-FAAE8379E571} = {78138A19-69BE-459F-A52F-50266E00A974}
		{816E8D05-C5EF-4FDD-BA0B-C3D02AB522AB} = {78138A19-69BE-459F-A52F-50266E00A974}
		{3398D1EF-224D-4F3C-8F65-B6F19974B094} = {78138A19-69BE-459F-A52F-50266E00A974}
		{1B4D2765-061E-4A61-AD78-61F40DDD9AFA} = {78138A19-69BE-459F-A52F-50266E00A974}
		{800758E9-91C1-4219-902B-CA9EE6D74DC9} = {78138A19-69BE-459F-A52F-50266E00A974}
		{90AE0A25-C570-4B3F-9939-32EC1CB1FC12} = {78138A19-69BE-459F-A52F-50266E00A974}
		{DF06B4F0-7BD9-4288-AB48-9589F27C3536} = {78138A19-69BE-459F-A52F-50266E00A974}
		{A7E0A582-7177-4594-976F-722CB7AD6D05} = {78138A19-69BE-459F-A52F-50266E00A974}
		{035B2A80-8F5B-4690-8756-81890A64B206} = {C38DE512-E548-4E8F-820D-F6324DF90C9D}
		{085851CB-3C67-4525-B194-7BF5B449479A} = {035B2A80-8F5B-4690-8756-81890A64B206}
		{AA127BE4-CABD-4DD9-9662-B652B5C4DB44} = {035B2A80-8F5B-4690-8756-81890A64B206}
		{A9938DAE-65D0-46C6-B7FE-4BF2B7B61BD3} = {035B2A80-8F5B-4690-8756-81890A64B206}
		{FD2EC7D4-4316-4F8F-8108-8381F0B4B340} = {035B2A80-8F5B-4690-8756-81890A64B206}
	EndGlobalSection
EndGlobal
