
Microsoft Visual Studio Solution File, Format Version 12.00
# Visual Studio 2012
Project("{FAE04EC0-301F-11D3-BF4B-00C04F79EFBC}") = "AirC2IS.Services.ORBATServiceV1", "WcfPoc.Services.ORBATServiceV1\AirC2IS.Services.ORBATServiceV1.csproj", "{DF06B4F0-7BD9-4288-AB48-9589F27C3536}"
EndProject
Project("{FAE04EC0-301F-11D3-BF4B-00C04F79EFBC}") = "AirC2IS.Services.ORBATServiceV2", "WcfPoc.Services.ORBATServiceV2\AirC2IS.Services.ORBATServiceV2.csproj", "{A7E0A582-7177-4594-976F-722CB7AD6D05}"
EndProject
Project("{FAE04EC0-301F-11D3-BF4B-00C04F79EFBC}") = "AirC2IS.Host.ORBATServiceV1", "WcfPoc.Host.ORBATServiceV1\AirC2IS.Host.ORBATServiceV1.csproj", "{800758E9-91C1-4219-902B-CA9EE6D74DC9}"
EndProject
Project("{FAE04EC0-301F-11D3-BF4B-00C04F79EFBC}") = "AirC2IS.Host.ORBATServiceV2", "WcfPoc.Host.ORBATServiceV2\AirC2IS.Host.ORBATServiceV2.csproj", "{90AE0A25-C570-4B3F-9939-32EC1CB1FC12}"
EndProject
Project("{2150E333-8FDC-42A3-9474-1A3956D46DE8}") = "Host", "Host", "{0E6A2DF4-6149-4A39-A062-107BB4E398B6}"
EndProject
Project("{2150E333-8FDC-42A3-9474-1A3956D46DE8}") = "Service", "Service", "{DEC3EF86-9F3B-4928-93B6-6785AF68D8EC}"
EndProject
Project("{2150E333-8FDC-42A3-9474-1A3956D46DE8}") = "Client", "Client", "{DA1BF026-4F5F-4180-9558-336E50D31844}"
EndProject
Project("{FAE04EC0-301F-11D3-BF4B-00C04F79EFBC}") = "AirC2IS.Host.RouterService", "WcfPoc.Host.ORBATRouterService\AirC2IS.Host.RouterService.csproj", "{1B4D2765-061E-4A61-AD78-61F40DDD9AFA}"
EndProject
Project("{FAE04EC0-301F-11D3-BF4B-00C04F79EFBC}") = "AirC2IS.Client.ORBATClientV1", "WcfPoc.Client.ORBATClientV1\AirC2IS.Client.ORBATClientV1.csproj", "{E990A2F7-71A1-433B-A62D-FAAE8379E571}"
EndProject
Project("{FAE04EC0-301F-11D3-BF4B-00C04F79EFBC}") = "AirC2IS.Client.ORBATClientV2", "WcfPoc.Client.ORBATClientV2\AirC2IS.Client.ORBATClientV2.csproj", "{816E8D05-C5EF-4FDD-BA0B-C3D02AB522AB}"
EndProject
Project("{FAE04EC0-301F-11D3-BF4B-00C04F79EFBC}") = "AirC2IS.Client.Common", "WcfPoc.Client.Common\AirC2IS.Client.Common.csproj", "{8E8E2F42-8EC0-4942-A34A-95C28313DE43}"
EndProject
Project("{FAE04EC0-301F-11D3-BF4B-00C04F79EFBC}") = "AirC2IS.Host.Common", "WcfPoc.Host.Common\AirC2IS.Host.Common.csproj", "{3398D1EF-224D-4F3C-8F65-B6F19974B094}"
EndProject
Project("{FAE04EC0-301F-11D3-BF4B-00C04F79EFBC}") = "AirC2IS.Services.RouterService", "WcfPoc.Services.RouterService\AirC2IS.Services.RouterService\AirC2IS.Services.RouterService.csproj", "{7D93FCF0-C0B7-4FB3-80D0-6C30054B56C7}"
EndProject
Global
	GlobalSection(SolutionConfigurationPlatforms) = preSolution
		Debug|Any CPU = Debug|Any CPU
		Release|Any CPU = Release|Any CPU
	EndGlobalSection
	GlobalSection(ProjectConfigurationPlatforms) = postSolution
		{DF06B4F0-7BD9-4288-AB48-9589F27C3536}.Debug|Any CPU.ActiveCfg = Debug|Any CPU
		{DF06B4F0-7BD9-4288-AB48-9589F27C3536}.Debug|Any CPU.Build.0 = Debug|Any CPU
		{DF06B4F0-7BD9-4288-AB48-9589F27C3536}.Release|Any CPU.ActiveCfg = Release|Any CPU
		{DF06B4F0-7BD9-4288-AB48-9589F27C3536}.Release|Any CPU.Build.0 = Release|Any CPU
		{A7E0A582-7177-4594-976F-722CB7AD6D05}.Debug|Any CPU.ActiveCfg = Debug|Any CPU
		{A7E0A582-7177-4594-976F-722CB7AD6D05}.Debug|Any CPU.Build.0 = Debug|Any CPU
		{A7E0A582-7177-4594-976F-722CB7AD6D05}.Release|Any CPU.ActiveCfg = Release|Any CPU
		{A7E0A582-7177-4594-976F-722CB7AD6D05}.Release|Any CPU.Build.0 = Release|Any CPU
		{800758E9-91C1-4219-902B-CA9EE6D74DC9}.Debug|Any CPU.ActiveCfg = Debug|Any CPU
		{800758E9-91C1-4219-902B-CA9EE6D74DC9}.Debug|Any CPU.Build.0 = Debug|Any CPU
		{800758E9-91C1-4219-902B-CA9EE6D74DC9}.Release|Any CPU.ActiveCfg = Release|Any CPU
		{800758E9-91C1-4219-902B-CA9EE6D74DC9}.Release|Any CPU.Build.0 = Release|Any CPU
		{90AE0A25-C570-4B3F-9939-32EC1CB1FC12}.Debug|Any CPU.ActiveCfg = Debug|Any CPU
		{90AE0A25-C570-4B3F-9939-32EC1CB1FC12}.Debug|Any CPU.Build.0 = Debug|Any CPU
		{90AE0A25-C570-4B3F-9939-32EC1CB1FC12}.Release|Any CPU.ActiveCfg = Release|Any CPU
		{90AE0A25-C570-4B3F-9939-32EC1CB1FC12}.Release|Any CPU.Build.0 = Release|Any CPU
		{1B4D2765-061E-4A61-AD78-61F40DDD9AFA}.Debug|Any CPU.ActiveCfg = Debug|Any CPU
		{1B4D2765-061E-4A61-AD78-61F40DDD9AFA}.Debug|Any CPU.Build.0 = Debug|Any CPU
		{1B4D2765-061E-4A61-AD78-61F40DDD9AFA}.Release|Any CPU.ActiveCfg = Release|Any CPU
		{1B4D2765-061E-4A61-AD78-61F40DDD9AFA}.Release|Any CPU.Build.0 = Release|Any CPU
		{E990A2F7-71A1-433B-A62D-FAAE8379E571}.Debug|Any CPU.ActiveCfg = Debug|Any CPU
		{E990A2F7-71A1-433B-A62D-FAAE8379E571}.Debug|Any CPU.Build.0 = Debug|Any CPU
		{E990A2F7-71A1-433B-A62D-FAAE8379E571}.Release|Any CPU.ActiveCfg = Release|Any CPU
		{E990A2F7-71A1-433B-A62D-FAAE8379E571}.Release|Any CPU.Build.0 = Release|Any CPU
		{816E8D05-C5EF-4FDD-BA0B-C3D02AB522AB}.Debug|Any CPU.ActiveCfg = Debug|Any CPU
		{816E8D05-C5EF-4FDD-BA0B-C3D02AB522AB}.Debug|Any CPU.Build.0 = Debug|Any CPU
		{816E8D05-C5EF-4FDD-BA0B-C3D02AB522AB}.Release|Any CPU.ActiveCfg = Release|Any CPU
		{816E8D05-C5EF-4FDD-BA0B-C3D02AB522AB}.Release|Any CPU.Build.0 = Release|Any CPU
		{8E8E2F42-8EC0-4942-A34A-95C28313DE43}.Debug|Any CPU.ActiveCfg = Debug|Any CPU
		{8E8E2F42-8EC0-4942-A34A-95C28313DE43}.Debug|Any CPU.Build.0 = Debug|Any CPU
		{8E8E2F42-8EC0-4942-A34A-95C28313DE43}.Release|Any CPU.ActiveCfg = Release|Any CPU
		{8E8E2F42-8EC0-4942-A34A-95C28313DE43}.Release|Any CPU.Build.0 = Release|Any CPU
		{3398D1EF-224D-4F3C-8F65-B6F19974B094}.Debug|Any CPU.ActiveCfg = Debug|Any CPU
		{3398D1EF-224D-4F3C-8F65-B6F19974B094}.Debug|Any CPU.Build.0 = Debug|Any CPU
		{3398D1EF-224D-4F3C-8F65-B6F19974B094}.Release|Any CPU.ActiveCfg = Release|Any CPU
		{3398D1EF-224D-4F3C-8F65-B6F19974B094}.Release|Any CPU.Build.0 = Release|Any CPU
		{7D93FCF0-C0B7-4FB3-80D0-6C30054B56C7}.Debug|Any CPU.ActiveCfg = Debug|Any CPU
		{7D93FCF0-C0B7-4FB3-80D0-6C30054B56C7}.Debug|Any CPU.Build.0 = Debug|Any CPU
		{7D93FCF0-C0B7-4FB3-80D0-6C30054B56C7}.Release|Any CPU.ActiveCfg = Release|Any CPU
		{7D93FCF0-C0B7-4FB3-80D0-6C30054B56C7}.Release|Any CPU.Build.0 = Release|Any CPU
	EndGlobalSection
	GlobalSection(SolutionProperties) = preSolution
		HideSolutionNode = FALSE
	EndGlobalSection
	GlobalSection(NestedProjects) = preSolution
		{A7E0A582-7177-4594-976F-722CB7AD6D05} = {DEC3EF86-9F3B-4928-93B6-6785AF68D8EC}
		{DF06B4F0-7BD9-4288-AB48-9589F27C3536} = {DEC3EF86-9F3B-4928-93B6-6785AF68D8EC}
		{7D93FCF0-C0B7-4FB3-80D0-6C30054B56C7} = {DEC3EF86-9F3B-4928-93B6-6785AF68D8EC}
		{90AE0A25-C570-4B3F-9939-32EC1CB1FC12} = {0E6A2DF4-6149-4A39-A062-107BB4E398B6}
		{800758E9-91C1-4219-902B-CA9EE6D74DC9} = {0E6A2DF4-6149-4A39-A062-107BB4E398B6}
		{1B4D2765-061E-4A61-AD78-61F40DDD9AFA} = {0E6A2DF4-6149-4A39-A062-107BB4E398B6}
		{3398D1EF-224D-4F3C-8F65-B6F19974B094} = {0E6A2DF4-6149-4A39-A062-107BB4E398B6}
		{E990A2F7-71A1-433B-A62D-FAAE8379E571} = {DA1BF026-4F5F-4180-9558-336E50D31844}
		{816E8D05-C5EF-4FDD-BA0B-C3D02AB522AB} = {DA1BF026-4F5F-4180-9558-336E50D31844}
		{8E8E2F42-8EC0-4942-A34A-95C28313DE43} = {DA1BF026-4F5F-4180-9558-336E50D31844}
	EndGlobalSection
EndGlobal
